// !$*UTF8*$!
{
	archiveVersion = 1;
	classes = {
	};
	objectVersion = 46;
	objects = {

/* Begin PBXBuildFile section */
		A13E981919F7F67000E2B5F4 /* main.m in Sources */ = {isa = PBXBuildFile; fileRef = A13E981819F7F67000E2B5F4 /* main.m */; };
		A13E981C19F7F67000E2B5F4 /* AppDelegate.m in Sources */ = {isa = PBXBuildFile; fileRef = A13E981B19F7F67000E2B5F4 /* AppDelegate.m */; };
		A13E981F19F7F67000E2B5F4 /* ViewController.m in Sources */ = {isa = PBXBuildFile; fileRef = A13E981E19F7F67000E2B5F4 /* ViewController.m */; };
		A13E982219F7F67000E2B5F4 /* Main.storyboard in Resources */ = {isa = PBXBuildFile; fileRef = A13E982019F7F67000E2B5F4 /* Main.storyboard */; };
		A13E982419F7F67000E2B5F4 /* Images.xcassets in Resources */ = {isa = PBXBuildFile; fileRef = A13E982319F7F67000E2B5F4 /* Images.xcassets */; };
		A13E982719F7F67000E2B5F4 /* LaunchScreen.xib in Resources */ = {isa = PBXBuildFile; fileRef = A13E982519F7F67000E2B5F4 /* LaunchScreen.xib */; };
		A13E983319F7F67000E2B5F4 /* OverdueTests.m in Sources */ = {isa = PBXBuildFile; fileRef = A13E983219F7F67000E2B5F4 /* OverdueTests.m */; };
/* End PBXBuildFile section */

/* Begin PBXContainerItemProxy section */
		A13E982D19F7F67000E2B5F4 /* PBXContainerItemProxy */ = {
			isa = PBXContainerItemProxy;
			containerPortal = A13E980B19F7F67000E2B5F4 /* Project object */;
			proxyType = 1;
			remoteGlobalIDString = A13E981219F7F67000E2B5F4;
			remoteInfo = Overdue;
		};
/* End PBXContainerItemProxy section */

/* Begin PBXFileReference section */
		A13E981319F7F67000E2B5F4 /* Overdue.app */ = {isa = PBXFileReference; explicitFileType = wrapper.application; includeInIndex = 0; path = Overdue.app; sourceTree = BUILT_PRODUCTS_DIR; };
		A13E981719F7F67000E2B5F4 /* Info.plist */ = {isa = PBXFileReference; lastKnownFileType = text.plist.xml; path = Info.plist; sourceTree = "<group>"; };
		A13E981819F7F67000E2B5F4 /* main.m */ = {isa = PBXFileReference; lastKnownFileType = sourcecode.c.objc; path = main.m; sourceTree = "<group>"; };
		A13E981A19F7F67000E2B5F4 /* AppDelegate.h */ = {isa = PBXFileReference; lastKnownFileType = sourcecode.c.h; path = AppDelegate.h; sourceTree = "<group>"; };
		A13E981B19F7F67000E2B5F4 /* AppDelegate.m */ = {isa = PBXFileReference; lastKnownFileType = sourcecode.c.objc; path = AppDelegate.m; sourceTree = "<group>"; };
		A13E981D19F7F67000E2B5F4 /* ViewController.h */ = {isa = PBXFileReference; lastKnownFileType = sourcecode.c.h; path = ViewController.h; sourceTree = "<group>"; };
		A13E981E19F7F67000E2B5F4 /* ViewController.m */ = {isa = PBXFileReference; lastKnownFileType = sourcecode.c.objc; path = ViewController.m; sourceTree = "<group>"; };
		A13E982119F7F67000E2B5F4 /* Base */ = {isa = PBXFileReference; lastKnownFileType = file.storyboard; name = Base; path = Base.lproj/Main.storyboard; sourceTree = "<group>"; };
		A13E982319F7F67000E2B5F4 /* Images.xcassets */ = {isa = PBXFileReference; lastKnownFileType = folder.assetcatalog; path = Images.xcassets; sourceTree = "<group>"; };
		A13E982619F7F67000E2B5F4 /* Base */ = {isa = PBXFileReference; lastKnownFileType = file.xib; name = Base; path = Base.lproj/LaunchScreen.xib; sourceTree = "<group>"; };
		A13E982C19F7F67000E2B5F4 /* OverdueTests.xctest */ = {isa = PBXFileReference; explicitFileType = wrapper.cfbundle; includeInIndex = 0; path = OverdueTests.xctest; sourceTree = BUILT_PRODUCTS_DIR; };
		A13E983119F7F67000E2B5F4 /* Info.plist */ = {isa = PBXFileReference; lastKnownFileType = text.plist.xml; path = Info.plist; sourceTree = "<group>"; };
		A13E983219F7F67000E2B5F4 /* OverdueTests.m */ = {isa = PBXFileReference; lastKnownFileType = sourcecode.c.objc; path = OverdueTests.m; sourceTree = "<group>"; };
/* End PBXFileReference section */

/* Begin PBXFrameworksBuildPhase section */
		A13E981019F7F67000E2B5F4 /* Frameworks */ = {
			isa = PBXFrameworksBuildPhase;
			buildActionMask = 2147483647;
			files = (
			);
			runOnlyForDeploymentPostprocessing = 0;
		};
		A13E982919F7F67000E2B5F4 /* Frameworks */ = {
			isa = PBXFrameworksBuildPhase;
			buildActionMask = 2147483647;
			files = (
			);
			runOnlyForDeploymentPostprocessing = 0;
		};
/* End PBXFrameworksBuildPhase section */

/* Begin PBXGroup section */
		A13E980A19F7F67000E2B5F4 = {
			isa = PBXGroup;
			children = (
				A13E981519F7F67000E2B5F4 /* Overdue */,
				A13E982F19F7F67000E2B5F4 /* OverdueTests */,
				A13E981419F7F67000E2B5F4 /* Products */,
			);
			sourceTree = "<group>";
		};
		A13E981419F7F67000E2B5F4 /* Products */ = {
			isa = PBXGroup;
			children = (
				A13E981319F7F67000E2B5F4 /* Overdue.app */,
				A13E982C19F7F67000E2B5F4 /* OverdueTests.xctest */,
			);
			name = Products;
			sourceTree = "<group>";
		};
		A13E981519F7F67000E2B5F4 /* Overdue */ = {
			isa = PBXGroup;
			children = (
				A13E981A19F7F67000E2B5F4 /* AppDelegate.h */,
				A13E981B19F7F67000E2B5F4 /* AppDelegate.m */,
				A13E981D19F7F67000E2B5F4 /* ViewController.h */,
				A13E981E19F7F67000E2B5F4 /* ViewController.m */,
				A13E982019F7F67000E2B5F4 /* Main.storyboard */,
				A13E982319F7F67000E2B5F4 /* Images.xcassets */,
				A13E982519F7F67000E2B5F4 /* LaunchScreen.xib */,
				A13E981619F7F67000E2B5F4 /* Supporting Files */,
			);
			path = Overdue;
			sourceTree = "<group>";
		};
		A13E981619F7F67000E2B5F4 /* Supporting Files */ = {
			isa = PBXGroup;
			children = (
				A13E981719F7F67000E2B5F4 /* Info.plist */,
				A13E981819F7F67000E2B5F4 /* main.m */,
			);
			name = "Supporting Files";
			sourceTree = "<group>";
		};
		A13E982F19F7F67000E2B5F4 /* OverdueTests */ = {
			isa = PBXGroup;
			children = (
				A13E983219F7F67000E2B5F4 /* OverdueTests.m */,
				A13E983019F7F67000E2B5F4 /* Supporting Files */,
			);
			path = OverdueTests;
			sourceTree = "<group>";
		};
		A13E983019F7F67000E2B5F4 /* Supporting Files */ = {
			isa = PBXGroup;
			children = (
				A13E983119F7F67000E2B5F4 /* Info.plist */,
			);
			name = "Supporting Files";
			sourceTree = "<group>";
		};
/* End PBXGroup section */

/* Begin PBXNativeTarget section */
		A13E981219F7F67000E2B5F4 /* Overdue */ = {
			isa = PBXNativeTarget;
			buildConfigurationList = A13E983619F7F67000E2B5F4 /* Build configuration list for PBXNativeTarget "Overdue" */;
			buildPhases = (
				A13E980F19F7F67000E2B5F4 /* Sources */,
				A13E981019F7F67000E2B5F4 /* Frameworks */,
				A13E981119F7F67000E2B5F4 /* Resources */,
			);
			buildRules = (
			);
			dependencies = (
			);
			name = Overdue;
			productName = Overdue;
			productReference = A13E981319F7F67000E2B5F4 /* Overdue.app */;
			productType = "com.apple.product-type.application";
		};
		A13E982B19F7F67000E2B5F4 /* OverdueTests */ = {
			isa = PBXNativeTarget;
			buildConfigurationList = A13E983919F7F67000E2B5F4 /* Build configuration list for PBXNativeTarget "OverdueTests" */;
			buildPhases = (
				A13E982819F7F67000E2B5F4 /* Sources */,
				A13E982919F7F67000E2B5F4 /* Frameworks */,
				A13E982A19F7F67000E2B5F4 /* Resources */,
			);
			buildRules = (
			);
			dependencies = (
				A13E982E19F7F67000E2B5F4 /* PBXTargetDependency */,
			);
			name = OverdueTests;
			productName = OverdueTests;
			productReference = A13E982C19F7F67000E2B5F4 /* OverdueTests.xctest */;
			productType = "com.apple.product-type.bundle.unit-test";
		};
/* End PBXNativeTarget section */

/* Begin PBXProject section */
		A13E980B19F7F67000E2B5F4 /* Project object */ = {
			isa = PBXProject;
			attributes = {
				LastUpgradeCheck = 0600;
				ORGANIZATIONNAME = "Charles McQuilkin";
				TargetAttributes = {
					A13E981219F7F67000E2B5F4 = {
						CreatedOnToolsVersion = 6.0.1;
					};
					A13E982B19F7F67000E2B5F4 = {
						CreatedOnToolsVersion = 6.0.1;
						TestTargetID = A13E981219F7F67000E2B5F4;
					};
				};
			};
			buildConfigurationList = A13E980E19F7F67000E2B5F4 /* Build configuration list for PBXProject "Overdue" */;
			compatibilityVersion = "Xcode 3.2";
			developmentRegion = English;
			hasScannedForEncodings = 0;
			knownRegions = (
				en,
				Base,
			);
			mainGroup = A13E980A19F7F67000E2B5F4;
			productRefGroup = A13E981419F7F67000E2B5F4 /* Products */;
			projectDirPath = "";
			projectRoot = "";
			targets = (
				A13E981219F7F67000E2B5F4 /* Overdue */,
				A13E982B19F7F67000E2B5F4 /* OverdueTests */,
			);
		};
/* End PBXProject section */

/* Begin PBXResourcesBuildPhase section */
		A13E981119F7F67000E2B5F4 /* Resources */ = {
			isa = PBXResourcesBuildPhase;
			buildActionMask = 2147483647;
			files = (
				A13E982219F7F67000E2B5F4 /* Main.storyboard in Resources */,
				A13E982719F7F67000E2B5F4 /* LaunchScreen.xib in Resources */,
				A13E982419F7F67000E2B5F4 /* Images.xcassets in Resources */,
			);
			runOnlyForDeploymentPostprocessing = 0;
		};
		A13E982A19F7F67000E2B5F4 /* Resources */ = {
			isa = PBXResourcesBuildPhase;
			buildActionMask = 2147483647;
			files = (
			);
			runOnlyForDeploymentPostprocessing = 0;
		};
/* End PBXResourcesBuildPhase section */

/* Begin PBXSourcesBuildPhase section */
		A13E980F19F7F67000E2B5F4 /* Sources */ = {
			isa = PBXSourcesBuildPhase;
			buildActionMask = 2147483647;
			files = (
				A13E981F19F7F67000E2B5F4 /* ViewController.m in Sources */,
				A13E981C19F7F67000E2B5F4 /* AppDelegate.m in Sources */,
				A13E981919F7F67000E2B5F4 /* main.m in Sources */,
			);
			runOnlyForDeploymentPostprocessing = 0;
		};
		A13E982819F7F67000E2B5F4 /* Sources */ = {
			isa = PBXSourcesBuildPhase;
			buildActionMask = 2147483647;
			files = (
				A13E983319F7F67000E2B5F4 /* OverdueTests.m in Sources */,
			);
			runOnlyForDeploymentPostprocessing = 0;
		};
/* End PBXSourcesBuildPhase section */

/* Begin PBXTargetDependency section */
		A13E982E19F7F67000E2B5F4 /* PBXTargetDependency */ = {
			isa = PBXTargetDependency;
			target = A13E981219F7F67000E2B5F4 /* Overdue */;
			targetProxy = A13E982D19F7F67000E2B5F4 /* PBXContainerItemProxy */;
		};
/* End PBXTargetDependency section */

/* Begin PBXVariantGroup section */
		A13E982019F7F67000E2B5F4 /* Main.storyboard */ = {
			isa = PBXVariantGroup;
			children = (
				A13E982119F7F67000E2B5F4 /* Base */,
			);
			name = Main.storyboard;
			sourceTree = "<group>";
		};
		A13E982519F7F67000E2B5F4 /* LaunchScreen.xib */ = {
			isa = PBXVariantGroup;
			children = (
				A13E982619F7F67000E2B5F4 /* Base */,
			);
			name = LaunchScreen.xib;
			sourceTree = "<group>";
		};
/* End PBXVariantGroup section */

/* Begin XCBuildConfiguration section */
		A13E983419F7F67000E2B5F4 /* Debug */ = {
			isa = XCBuildConfiguration;
			buildSettings = {
				ALWAYS_SEARCH_USER_PATHS = NO;
				CLANG_CXX_LANGUAGE_STANDARD = "gnu++0x";
				CLANG_CXX_LIBRARY = "libc++";
				CLANG_ENABLE_MODULES = YES;
				CLANG_ENABLE_OBJC_ARC = YES;
				CLANG_WARN_BOOL_CONVERSION = YES;
				CLANG_WARN_CONSTANT_CONVERSION = YES;
				CLANG_WARN_DIRECT_OBJC_ISA_USAGE = YES_ERROR;
				CLANG_WARN_EMPTY_BODY = YES;
				CLANG_WARN_ENUM_CONVERSION = YES;
				CLANG_WARN_INT_CONVERSION = YES;
				CLANG_WARN_OBJC_ROOT_CLASS = YES_ERROR;
				CLANG_WARN_UNREACHABLE_CODE = YES;
				CLANG_WARN__DUPLICATE_METHOD_MATCH = YES;
				"CODE_SIGN_IDENTITY[sdk=iphoneos*]" = "iPhone Developer";
				COPY_PHASE_STRIP = NO;
				ENABLE_STRICT_OBJC_MSGSEND = YES;
				GCC_C_LANGUAGE_STANDARD = gnu99;
				GCC_DYNAMIC_NO_PIC = NO;
				GCC_OPTIMIZATION_LEVEL = 0;
				GCC_PREPROCESSOR_DEFINITIONS = (
					"DEBUG=1",
					"$(inherited)",
				);
				GCC_SYMBOLS_PRIVATE_EXTERN = NO;
				GCC_WARN_64_TO_32_BIT_CONVERSION = YES;
				GCC_WARN_ABOUT_RETURN_TYPE = YES_ERROR;
				GCC_WARN_UNDECLARED_SELECTOR = YES;
				GCC_WARN_UNINITIALIZED_AUTOS = YES_AGGRESSIVE;
				GCC_WARN_UNUSED_FUNCTION = YES;
				GCC_WARN_UNUSED_VARIABLE = YES;
				IPHONEOS_DEPLOYMENT_TARGET = 8.0;
				MTL_ENABLE_DEBUG_INFO = YES;
				ONLY_ACTIVE_ARCH = YES;
				SDKROOT = iphoneos;
			};
			name = Debug;
		};
		A13E983519F7F67000E2B5F4 /* Release */ = {
			isa = XCBuildConfiguration;
			buildSettings = {
				ALWAYS_SEARCH_USER_PATHS = NO;
				CLANG_CXX_LANGUAGE_STANDARD = "gnu++0x";
				CLANG_CXX_LIBRARY = "libc++";
				CLANG_ENABLE_MODULES = YES;
				CLANG_ENABLE_OBJC_ARC = YES;
				CLANG_WARN_BOOL_CONVERSION = YES;
				CLANG_WARN_CONSTANT_CONVERSION = YES;
				CLANG_WARN_DIRECT_OBJC_ISA_USAGE = YES_ERROR;
				CLANG_WARN_EMPTY_BODY = YES;
				CLANG_WARN_ENUM_CONVERSION = YES;
				CLANG_WARN_INT_CONVERSION = YES;
				CLANG_WARN_OBJC_ROOT_CLASS = YES_ERROR;
				CLANG_WARN_UNREACHABLE_CODE = YES;
				CLANG_WARN__DUPLICATE_METHOD_MATCH = YES;
				"CODE_SIGN_IDENTITY[sdk=iphoneos*]" = "iPhone Developer";
				COPY_PHASE_STRIP = YES;
				ENABLE_NS_ASSERTIONS = NO;
				ENABLE_STRICT_OBJC_MSGSEND = YES;
				GCC_C_LANGUAGE_STANDARD = gnu99;
				GCC_WARN_64_TO_32_BIT_CONVERSION = YES;
				GCC_WARN_ABOUT_RETURN_TYPE = YES_ERROR;
				GCC_WARN_UNDECLARED_SELECTOR = YES;
				GCC_WARN_UNINITIALIZED_AUTOS = YES_AGGRESSIVE;
				GCC_WARN_UNUSED_FUNCTION = YES;
				GCC_WARN_UNUSED_VARIABLE = YES;
				IPHONEOS_DEPLOYMENT_TARGET = 8.0;
				MTL_ENABLE_DEBUG_INFO = NO;
				SDKROOT = iphoneos;
				VALIDATE_PRODUCT = YES;
			};
			name = Release;
		};
		A13E983719F7F67000E2B5F4 /* Debug */ = {
			isa = XCBuildConfiguration;
			buildSettings = {
				ASSETCATALOG_COMPILER_APPICON_NAME = AppIcon;
				INFOPLIST_FILE = Overdue/Info.plist;
				LD_RUNPATH_SEARCH_PATHS = "$(inherited) @executable_path/Frameworks";
				PRODUCT_NAME = "$(TARGET_NAME)";
			};
			name = Debug;
		};
		A13E983819F7F67000E2B5F4 /* Release */ = {
			isa = XCBuildConfiguration;
			buildSettings = {
				ASSETCATALOG_COMPILER_APPICON_NAME = AppIcon;
				INFOPLIST_FILE = Overdue/Info.plist;
				LD_RUNPATH_SEARCH_PATHS = "$(inherited) @executable_path/Frameworks";
				PRODUCT_NAME = "$(TARGET_NAME)";
			};
			name = Release;
		};
		A13E983A19F7F67000E2B5F4 /* Debug */ = {
			isa = XCBuildConfiguration;
			buildSettings = {
				BUNDLE_LOADER = "$(TEST_HOST)";
				FRAMEWORK_SEARCH_PATHS = (
					"$(SDKROOT)/Developer/Library/Frameworks",
					"$(inherited)",
				);
				GCC_PREPROCESSOR_DEFINITIONS = (
					"DEBUG=1",
					"$(inherited)",
				);
				INFOPLIST_FILE = OverdueTests/Info.plist;
				LD_RUNPATH_SEARCH_PATHS = "$(inherited) @executable_path/Frameworks @loader_path/Frameworks";
				PRODUCT_NAME = "$(TARGET_NAME)";
				TEST_HOST = "$(BUILT_PRODUCTS_DIR)/Overdue.app/Overdue";
			};
			name = Debug;
		};
		A13E983B19F7F67000E2B5F4 /* Release */ = {
			isa = XCBuildConfiguration;
			buildSettings = {
				BUNDLE_LOADER = "$(TEST_HOST)";
				FRAMEWORK_SEARCH_PATHS = (
					"$(SDKROOT)/Developer/Library/Frameworks",
					"$(inherited)",
				);
				INFOPLIST_FILE = OverdueTests/Info.plist;
				LD_RUNPATH_SEARCH_PATHS = "$(inherited) @executable_path/Frameworks @loader_path/Frameworks";
				PRODUCT_NAME = "$(TARGET_NAME)";
				TEST_HOST = "$(BUILT_PRODUCTS_DIR)/Overdue.app/Overdue";
			};
			name = Release;
		};
/* End XCBuildConfiguration section */

/* Begin XCConfigurationList section */
		A13E980E19F7F67000E2B5F4 /* Build configuration list for PBXProject "Overdue" */ = {
			isa = XCConfigurationList;
			buildConfigurations = (
				A13E983419F7F67000E2B5F4 /* Debug */,
				A13E983519F7F67000E2B5F4 /* Release */,
			);
			defaultConfigurationIsVisible = 0;
			defaultConfigurationName = Release;
		};
		A13E983619F7F67000E2B5F4 /* Build configuration list for PBXNativeTarget "Overdue" */ = {
			isa = XCConfigurationList;
			buildConfigurations = (
				A13E983719F7F67000E2B5F4 /* Debug */,
				A13E983819F7F67000E2B5F4 /* Release */,
			);
			defaultConfigurationIsVisible = 0;
		};
		A13E983919F7F67000E2B5F4 /* Build configuration list for PBXNativeTarget "OverdueTests" */ = {
			isa = XCConfigurationList;
			buildConfigurations = (
				A13E983A19F7F67000E2B5F4 /* Debug */,
				A13E983B19F7F67000E2B5F4 /* Release */,
			);
			defaultConfigurationIsVisible = 0;
		};
/* End XCConfigurationList section */
	};
	rootObject = A13E980B19F7F67000E2B5F4 /* Project object */;
}
