// !$*UTF8*$!
{
	archiveVersion = 1;
	classes = {
	};
	objectVersion = 46;
	objects = {

/* Begin PBXBuildFile section */
		A18CDF7519EEE91000569710 /* main.m in Sources */ = {isa = PBXBuildFile; fileRef = A18CDF7419EEE91000569710 /* main.m */; };
		A18CDF7819EEE91000569710 /* AppDelegate.m in Sources */ = {isa = PBXBuildFile; fileRef = A18CDF7719EEE91000569710 /* AppDelegate.m */; };
		A18CDF7E19EEE91000569710 /* Main.storyboard in Resources */ = {isa = PBXBuildFile; fileRef = A18CDF7C19EEE91000569710 /* Main.storyboard */; };
		A18CDF8019EEE91000569710 /* Images.xcassets in Resources */ = {isa = PBXBuildFile; fileRef = A18CDF7F19EEE91000569710 /* Images.xcassets */; };
		A18CDF8319EEE91000569710 /* LaunchScreen.xib in Resources */ = {isa = PBXBuildFile; fileRef = A18CDF8119EEE91000569710 /* LaunchScreen.xib */; };
		A18CDF8F19EEE91000569710 /* Out_of_this_WorldTests.m in Sources */ = {isa = PBXBuildFile; fileRef = A18CDF8E19EEE91000569710 /* Out_of_this_WorldTests.m */; };
		A18CDF9A19EEE9FF00569710 /* CTMOuterSpaceTableViewController.m in Sources */ = {isa = PBXBuildFile; fileRef = A18CDF9919EEE9FF00569710 /* CTMOuterSpaceTableViewController.m */; };
		A18CDF9D19EF088400569710 /* AstronomicalData.m in Sources */ = {isa = PBXBuildFile; fileRef = A18CDF9C19EF088400569710 /* AstronomicalData.m */; };
		A18CDFA919EF0A7800569710 /* Earth.jpg in Resources */ = {isa = PBXBuildFile; fileRef = A18CDF9F19EF0A7800569710 /* Earth.jpg */; };
		A18CDFAA19EF0A7800569710 /* EinsteinRing.jpg in Resources */ = {isa = PBXBuildFile; fileRef = A18CDFA019EF0A7800569710 /* EinsteinRing.jpg */; };
		A18CDFAB19EF0A7800569710 /* Jupiter.jpg in Resources */ = {isa = PBXBuildFile; fileRef = A18CDFA119EF0A7800569710 /* Jupiter.jpg */; };
		A18CDFAC19EF0A7800569710 /* Mars.jpg in Resources */ = {isa = PBXBuildFile; fileRef = A18CDFA219EF0A7800569710 /* Mars.jpg */; };
		A18CDFAD19EF0A7800569710 /* Mercury.jpg in Resources */ = {isa = PBXBuildFile; fileRef = A18CDFA319EF0A7800569710 /* Mercury.jpg */; };
		A18CDFAE19EF0A7800569710 /* Neptune.jpg in Resources */ = {isa = PBXBuildFile; fileRef = A18CDFA419EF0A7800569710 /* Neptune.jpg */; };
		A18CDFAF19EF0A7800569710 /* Orion.jpg in Resources */ = {isa = PBXBuildFile; fileRef = A18CDFA519EF0A7800569710 /* Orion.jpg */; };
		A18CDFB019EF0A7800569710 /* Saturn.jpg in Resources */ = {isa = PBXBuildFile; fileRef = A18CDFA619EF0A7800569710 /* Saturn.jpg */; };
		A18CDFB119EF0A7800569710 /* Uranus.jpg in Resources */ = {isa = PBXBuildFile; fileRef = A18CDFA719EF0A7800569710 /* Uranus.jpg */; };
		A18CDFB219EF0A7800569710 /* Venus.jpg in Resources */ = {isa = PBXBuildFile; fileRef = A18CDFA819EF0A7800569710 /* Venus.jpg */; };
		A18CDFB519EF0A9E00569710 /* CTMSpaceObject.m in Sources */ = {isa = PBXBuildFile; fileRef = A18CDFB419EF0A9E00569710 /* CTMSpaceObject.m */; };
		A18CDFB819EF1B4000569710 /* CTMSpaceImageViewController.m in Sources */ = {isa = PBXBuildFile; fileRef = A18CDFB719EF1B4000569710 /* CTMSpaceImageViewController.m */; };
		A18CDFBB19EF317B00569710 /* CTMSpaceDataViewController.m in Sources */ = {isa = PBXBuildFile; fileRef = A18CDFBA19EF317B00569710 /* CTMSpaceDataViewController.m */; };
		A19F13AC19F55A1B00FB5360 /* CTMAddSpaceObjectViewController.m in Sources */ = {isa = PBXBuildFile; fileRef = A19F13AB19F55A1B00FB5360 /* CTMAddSpaceObjectViewController.m */; };
/* End PBXBuildFile section */

/* Begin PBXContainerItemProxy section */
		A18CDF8919EEE91000569710 /* PBXContainerItemProxy */ = {
			isa = PBXContainerItemProxy;
			containerPortal = A18CDF6719EEE91000569710 /* Project object */;
			proxyType = 1;
			remoteGlobalIDString = A18CDF6E19EEE91000569710;
			remoteInfo = "Out of this World";
		};
/* End PBXContainerItemProxy section */

/* Begin PBXFileReference section */
		A18CDF6F19EEE91000569710 /* Out of this World.app */ = {isa = PBXFileReference; explicitFileType = wrapper.application; includeInIndex = 0; path = "Out of this World.app"; sourceTree = BUILT_PRODUCTS_DIR; };
		A18CDF7319EEE91000569710 /* Info.plist */ = {isa = PBXFileReference; lastKnownFileType = text.plist.xml; path = Info.plist; sourceTree = "<group>"; };
		A18CDF7419EEE91000569710 /* main.m */ = {isa = PBXFileReference; lastKnownFileType = sourcecode.c.objc; path = main.m; sourceTree = "<group>"; };
		A18CDF7619EEE91000569710 /* AppDelegate.h */ = {isa = PBXFileReference; lastKnownFileType = sourcecode.c.h; path = AppDelegate.h; sourceTree = "<group>"; };
		A18CDF7719EEE91000569710 /* AppDelegate.m */ = {isa = PBXFileReference; lastKnownFileType = sourcecode.c.objc; path = AppDelegate.m; sourceTree = "<group>"; };
		A18CDF7D19EEE91000569710 /* Base */ = {isa = PBXFileReference; lastKnownFileType = file.storyboard; name = Base; path = Base.lproj/Main.storyboard; sourceTree = "<group>"; };
		A18CDF7F19EEE91000569710 /* Images.xcassets */ = {isa = PBXFileReference; lastKnownFileType = folder.assetcatalog; path = Images.xcassets; sourceTree = "<group>"; };
		A18CDF8219EEE91000569710 /* Base */ = {isa = PBXFileReference; lastKnownFileType = file.xib; name = Base; path = Base.lproj/LaunchScreen.xib; sourceTree = "<group>"; };
		A18CDF8819EEE91000569710 /* Out of this WorldTests.xctest */ = {isa = PBXFileReference; explicitFileType = wrapper.cfbundle; includeInIndex = 0; path = "Out of this WorldTests.xctest"; sourceTree = BUILT_PRODUCTS_DIR; };
		A18CDF8D19EEE91000569710 /* Info.plist */ = {isa = PBXFileReference; lastKnownFileType = text.plist.xml; path = Info.plist; sourceTree = "<group>"; };
		A18CDF8E19EEE91000569710 /* Out_of_this_WorldTests.m */ = {isa = PBXFileReference; lastKnownFileType = sourcecode.c.objc; path = Out_of_this_WorldTests.m; sourceTree = "<group>"; };
		A18CDF9819EEE9FF00569710 /* CTMOuterSpaceTableViewController.h */ = {isa = PBXFileReference; fileEncoding = 4; lastKnownFileType = sourcecode.c.h; name = CTMOuterSpaceTableViewController.h; path = ../CTMOuterSpaceTableViewController.h; sourceTree = "<group>"; };
		A18CDF9919EEE9FF00569710 /* CTMOuterSpaceTableViewController.m */ = {isa = PBXFileReference; fileEncoding = 4; lastKnownFileType = sourcecode.c.objc; name = CTMOuterSpaceTableViewController.m; path = ../CTMOuterSpaceTableViewController.m; sourceTree = "<group>"; };
		A18CDF9B19EF088400569710 /* AstronomicalData.h */ = {isa = PBXFileReference; fileEncoding = 4; lastKnownFileType = sourcecode.c.h; path = AstronomicalData.h; sourceTree = "<group>"; };
		A18CDF9C19EF088400569710 /* AstronomicalData.m */ = {isa = PBXFileReference; fileEncoding = 4; lastKnownFileType = sourcecode.c.objc; path = AstronomicalData.m; sourceTree = "<group>"; };
		A18CDF9F19EF0A7800569710 /* Earth.jpg */ = {isa = PBXFileReference; lastKnownFileType = image.jpeg; path = Earth.jpg; sourceTree = "<group>"; };
		A18CDFA019EF0A7800569710 /* EinsteinRing.jpg */ = {isa = PBXFileReference; lastKnownFileType = image.jpeg; path = EinsteinRing.jpg; sourceTree = "<group>"; };
		A18CDFA119EF0A7800569710 /* Jupiter.jpg */ = {isa = PBXFileReference; lastKnownFileType = image.jpeg; path = Jupiter.jpg; sourceTree = "<group>"; };
		A18CDFA219EF0A7800569710 /* Mars.jpg */ = {isa = PBXFileReference; lastKnownFileType = image.jpeg; path = Mars.jpg; sourceTree = "<group>"; };
		A18CDFA319EF0A7800569710 /* Mercury.jpg */ = {isa = PBXFileReference; lastKnownFileType = image.jpeg; path = Mercury.jpg; sourceTree = "<group>"; };
		A18CDFA419EF0A7800569710 /* Neptune.jpg */ = {isa = PBXFileReference; lastKnownFileType = image.jpeg; path = Neptune.jpg; sourceTree = "<group>"; };
		A18CDFA519EF0A7800569710 /* Orion.jpg */ = {isa = PBXFileReference; lastKnownFileType = image.jpeg; path = Orion.jpg; sourceTree = "<group>"; };
		A18CDFA619EF0A7800569710 /* Saturn.jpg */ = {isa = PBXFileReference; lastKnownFileType = image.jpeg; path = Saturn.jpg; sourceTree = "<group>"; };
		A18CDFA719EF0A7800569710 /* Uranus.jpg */ = {isa = PBXFileReference; lastKnownFileType = image.jpeg; path = Uranus.jpg; sourceTree = "<group>"; };
		A18CDFA819EF0A7800569710 /* Venus.jpg */ = {isa = PBXFileReference; lastKnownFileType = image.jpeg; path = Venus.jpg; sourceTree = "<group>"; };
		A18CDFB319EF0A9E00569710 /* CTMSpaceObject.h */ = {isa = PBXFileReference; fileEncoding = 4; lastKnownFileType = sourcecode.c.h; path = CTMSpaceObject.h; sourceTree = "<group>"; };
		A18CDFB419EF0A9E00569710 /* CTMSpaceObject.m */ = {isa = PBXFileReference; fileEncoding = 4; lastKnownFileType = sourcecode.c.objc; path = CTMSpaceObject.m; sourceTree = "<group>"; };
		A18CDFB619EF1B4000569710 /* CTMSpaceImageViewController.h */ = {isa = PBXFileReference; fileEncoding = 4; lastKnownFileType = sourcecode.c.h; path = CTMSpaceImageViewController.h; sourceTree = "<group>"; };
		A18CDFB719EF1B4000569710 /* CTMSpaceImageViewController.m */ = {isa = PBXFileReference; fileEncoding = 4; lastKnownFileType = sourcecode.c.objc; path = CTMSpaceImageViewController.m; sourceTree = "<group>"; };
		A18CDFB919EF317B00569710 /* CTMSpaceDataViewController.h */ = {isa = PBXFileReference; fileEncoding = 4; lastKnownFileType = sourcecode.c.h; path = CTMSpaceDataViewController.h; sourceTree = "<group>"; };
		A18CDFBA19EF317B00569710 /* CTMSpaceDataViewController.m */ = {isa = PBXFileReference; fileEncoding = 4; lastKnownFileType = sourcecode.c.objc; path = CTMSpaceDataViewController.m; sourceTree = "<group>"; };
		A19F13AA19F55A1B00FB5360 /* CTMAddSpaceObjectViewController.h */ = {isa = PBXFileReference; fileEncoding = 4; lastKnownFileType = sourcecode.c.h; path = CTMAddSpaceObjectViewController.h; sourceTree = "<group>"; };
		A19F13AB19F55A1B00FB5360 /* CTMAddSpaceObjectViewController.m */ = {isa = PBXFileReference; fileEncoding = 4; lastKnownFileType = sourcecode.c.objc; path = CTMAddSpaceObjectViewController.m; sourceTree = "<group>"; };
/* End PBXFileReference section */

/* Begin PBXFrameworksBuildPhase section */
		A18CDF6C19EEE91000569710 /* Frameworks */ = {
			isa = PBXFrameworksBuildPhase;
			buildActionMask = 2147483647;
			files = (
			);
			runOnlyForDeploymentPostprocessing = 0;
		};
		A18CDF8519EEE91000569710 /* Frameworks */ = {
			isa = PBXFrameworksBuildPhase;
			buildActionMask = 2147483647;
			files = (
			);
			runOnlyForDeploymentPostprocessing = 0;
		};
/* End PBXFrameworksBuildPhase section */

/* Begin PBXGroup section */
		A18CDF6619EEE91000569710 = {
			isa = PBXGroup;
			children = (
				A18CDF7119EEE91000569710 /* Out of this World */,
				A18CDF8B19EEE91000569710 /* Out of this WorldTests */,
				A18CDF7019EEE91000569710 /* Products */,
			);
			sourceTree = "<group>";
		};
		A18CDF7019EEE91000569710 /* Products */ = {
			isa = PBXGroup;
			children = (
				A18CDF6F19EEE91000569710 /* Out of this World.app */,
				A18CDF8819EEE91000569710 /* Out of this WorldTests.xctest */,
			);
			name = Products;
			sourceTree = "<group>";
		};
		A18CDF7119EEE91000569710 /* Out of this World */ = {
			isa = PBXGroup;
			children = (
				A18CDF7619EEE91000569710 /* AppDelegate.h */,
				A18CDF7719EEE91000569710 /* AppDelegate.m */,
				A18CDF7C19EEE91000569710 /* Main.storyboard */,
				A19F13AA19F55A1B00FB5360 /* CTMAddSpaceObjectViewController.h */,
				A19F13AB19F55A1B00FB5360 /* CTMAddSpaceObjectViewController.m */,
				A18CDFB919EF317B00569710 /* CTMSpaceDataViewController.h */,
				A18CDFBA19EF317B00569710 /* CTMSpaceDataViewController.m */,
				A18CDFB619EF1B4000569710 /* CTMSpaceImageViewController.h */,
				A18CDFB719EF1B4000569710 /* CTMSpaceImageViewController.m */,
				A18CDF9819EEE9FF00569710 /* CTMOuterSpaceTableViewController.h */,
				A18CDF9919EEE9FF00569710 /* CTMOuterSpaceTableViewController.m */,
				A18CDF7F19EEE91000569710 /* Images.xcassets */,
				A18CDF8119EEE91000569710 /* LaunchScreen.xib */,
				A18CDF7219EEE91000569710 /* Supporting Files */,
			);
			path = "Out of this World";
			sourceTree = "<group>";
		};
		A18CDF7219EEE91000569710 /* Supporting Files */ = {
			isa = PBXGroup;
			children = (
				A18CDFB319EF0A9E00569710 /* CTMSpaceObject.h */,
				A18CDFB419EF0A9E00569710 /* CTMSpaceObject.m */,
				A18CDF9B19EF088400569710 /* AstronomicalData.h */,
				A18CDF9C19EF088400569710 /* AstronomicalData.m */,
				A18CDF9E19EF0A6B00569710 /* PlanetImages */,
				A18CDF7319EEE91000569710 /* Info.plist */,
				A18CDF7419EEE91000569710 /* main.m */,
			);
			name = "Supporting Files";
			sourceTree = "<group>";
		};
		A18CDF8B19EEE91000569710 /* Out of this WorldTests */ = {
			isa = PBXGroup;
			children = (
				A18CDF8E19EEE91000569710 /* Out_of_this_WorldTests.m */,
				A18CDF8C19EEE91000569710 /* Supporting Files */,
			);
			path = "Out of this WorldTests";
			sourceTree = "<group>";
		};
		A18CDF8C19EEE91000569710 /* Supporting Files */ = {
			isa = PBXGroup;
			children = (
				A18CDF8D19EEE91000569710 /* Info.plist */,
			);
			name = "Supporting Files";
			sourceTree = "<group>";
		};
		A18CDF9E19EF0A6B00569710 /* PlanetImages */ = {
			isa = PBXGroup;
			children = (
				A18CDF9F19EF0A7800569710 /* Earth.jpg */,
				A18CDFA019EF0A7800569710 /* EinsteinRing.jpg */,
				A18CDFA119EF0A7800569710 /* Jupiter.jpg */,
				A18CDFA219EF0A7800569710 /* Mars.jpg */,
				A18CDFA319EF0A7800569710 /* Mercury.jpg */,
				A18CDFA419EF0A7800569710 /* Neptune.jpg */,
				A18CDFA519EF0A7800569710 /* Orion.jpg */,
				A18CDFA619EF0A7800569710 /* Saturn.jpg */,
				A18CDFA719EF0A7800569710 /* Uranus.jpg */,
				A18CDFA819EF0A7800569710 /* Venus.jpg */,
			);
			name = PlanetImages;
			sourceTree = "<group>";
		};
/* End PBXGroup section */

/* Begin PBXNativeTarget section */
		A18CDF6E19EEE91000569710 /* Out of this World */ = {
			isa = PBXNativeTarget;
			buildConfigurationList = A18CDF9219EEE91000569710 /* Build configuration list for PBXNativeTarget "Out of this World" */;
			buildPhases = (
				A18CDF6B19EEE91000569710 /* Sources */,
				A18CDF6C19EEE91000569710 /* Frameworks */,
				A18CDF6D19EEE91000569710 /* Resources */,
			);
			buildRules = (
			);
			dependencies = (
			);
			name = "Out of this World";
			productName = "Out of this World";
			productReference = A18CDF6F19EEE91000569710 /* Out of this World.app */;
			productType = "com.apple.product-type.application";
		};
		A18CDF8719EEE91000569710 /* Out of this WorldTests */ = {
			isa = PBXNativeTarget;
			buildConfigurationList = A18CDF9519EEE91000569710 /* Build configuration list for PBXNativeTarget "Out of this WorldTests" */;
			buildPhases = (
				A18CDF8419EEE91000569710 /* Sources */,
				A18CDF8519EEE91000569710 /* Frameworks */,
				A18CDF8619EEE91000569710 /* Resources */,
			);
			buildRules = (
			);
			dependencies = (
				A18CDF8A19EEE91000569710 /* PBXTargetDependency */,
			);
			name = "Out of this WorldTests";
			productName = "Out of this WorldTests";
			productReference = A18CDF8819EEE91000569710 /* Out of this WorldTests.xctest */;
			productType = "com.apple.product-type.bundle.unit-test";
		};
/* End PBXNativeTarget section */

/* Begin PBXProject section */
		A18CDF6719EEE91000569710 /* Project object */ = {
			isa = PBXProject;
			attributes = {
				LastUpgradeCheck = 0600;
				ORGANIZATIONNAME = "Charles McQuilkin";
				TargetAttributes = {
					A18CDF6E19EEE91000569710 = {
						CreatedOnToolsVersion = 6.0.1;
					};
					A18CDF8719EEE91000569710 = {
						CreatedOnToolsVersion = 6.0.1;
						TestTargetID = A18CDF6E19EEE91000569710;
					};
				};
			};
			buildConfigurationList = A18CDF6A19EEE91000569710 /* Build configuration list for PBXProject "Out of this World" */;
			compatibilityVersion = "Xcode 3.2";
			developmentRegion = English;
			hasScannedForEncodings = 0;
			knownRegions = (
				en,
				Base,
			);
			mainGroup = A18CDF6619EEE91000569710;
			productRefGroup = A18CDF7019EEE91000569710 /* Products */;
			projectDirPath = "";
			projectRoot = "";
			targets = (
				A18CDF6E19EEE91000569710 /* Out of this World */,
				A18CDF8719EEE91000569710 /* Out of this WorldTests */,
			);
		};
/* End PBXProject section */

/* Begin PBXResourcesBuildPhase section */
		A18CDF6D19EEE91000569710 /* Resources */ = {
			isa = PBXResourcesBuildPhase;
			buildActionMask = 2147483647;
			files = (
				A18CDFA919EF0A7800569710 /* Earth.jpg in Resources */,
				A18CDFB219EF0A7800569710 /* Venus.jpg in Resources */,
				A18CDFAD19EF0A7800569710 /* Mercury.jpg in Resources */,
				A18CDFB019EF0A7800569710 /* Saturn.jpg in Resources */,
				A18CDFB119EF0A7800569710 /* Uranus.jpg in Resources */,
				A18CDF7E19EEE91000569710 /* Main.storyboard in Resources */,
				A18CDFAE19EF0A7800569710 /* Neptune.jpg in Resources */,
				A18CDFAC19EF0A7800569710 /* Mars.jpg in Resources */,
				A18CDF8319EEE91000569710 /* LaunchScreen.xib in Resources */,
				A18CDF8019EEE91000569710 /* Images.xcassets in Resources */,
				A18CDFAA19EF0A7800569710 /* EinsteinRing.jpg in Resources */,
				A18CDFAB19EF0A7800569710 /* Jupiter.jpg in Resources */,
				A18CDFAF19EF0A7800569710 /* Orion.jpg in Resources */,
			);
			runOnlyForDeploymentPostprocessing = 0;
		};
		A18CDF8619EEE91000569710 /* Resources */ = {
			isa = PBXResourcesBuildPhase;
			buildActionMask = 2147483647;
			files = (
			);
			runOnlyForDeploymentPostprocessing = 0;
		};
/* End PBXResourcesBuildPhase section */

/* Begin PBXSourcesBuildPhase section */
		A18CDF6B19EEE91000569710 /* Sources */ = {
			isa = PBXSourcesBuildPhase;
			buildActionMask = 2147483647;
			files = (
				A18CDFB819EF1B4000569710 /* CTMSpaceImageViewController.m in Sources */,
				A19F13AC19F55A1B00FB5360 /* CTMAddSpaceObjectViewController.m in Sources */,
				A18CDF9A19EEE9FF00569710 /* CTMOuterSpaceTableViewController.m in Sources */,
				A18CDFB519EF0A9E00569710 /* CTMSpaceObject.m in Sources */,
				A18CDF7819EEE91000569710 /* AppDelegate.m in Sources */,
				A18CDFBB19EF317B00569710 /* CTMSpaceDataViewController.m in Sources */,
				A18CDF7519EEE91000569710 /* main.m in Sources */,
				A18CDF9D19EF088400569710 /* AstronomicalData.m in Sources */,
			);
			runOnlyForDeploymentPostprocessing = 0;
		};
		A18CDF8419EEE91000569710 /* Sources */ = {
			isa = PBXSourcesBuildPhase;
			buildActionMask = 2147483647;
			files = (
				A18CDF8F19EEE91000569710 /* Out_of_this_WorldTests.m in Sources */,
			);
			runOnlyForDeploymentPostprocessing = 0;
		};
/* End PBXSourcesBuildPhase section */

/* Begin PBXTargetDependency section */
		A18CDF8A19EEE91000569710 /* PBXTargetDependency */ = {
			isa = PBXTargetDependency;
			target = A18CDF6E19EEE91000569710 /* Out of this World */;
			targetProxy = A18CDF8919EEE91000569710 /* PBXContainerItemProxy */;
		};
/* End PBXTargetDependency section */

/* Begin PBXVariantGroup section */
		A18CDF7C19EEE91000569710 /* Main.storyboard */ = {
			isa = PBXVariantGroup;
			children = (
				A18CDF7D19EEE91000569710 /* Base */,
			);
			name = Main.storyboard;
			sourceTree = "<group>";
		};
		A18CDF8119EEE91000569710 /* LaunchScreen.xib */ = {
			isa = PBXVariantGroup;
			children = (
				A18CDF8219EEE91000569710 /* Base */,
			);
			name = LaunchScreen.xib;
			sourceTree = "<group>";
		};
/* End PBXVariantGroup section */

/* Begin XCBuildConfiguration section */
		A18CDF9019EEE91000569710 /* Debug */ = {
			isa = XCBuildConfiguration;
			buildSettings = {
				ALWAYS_SEARCH_USER_PATHS = NO;
				CLANG_CXX_LANGUAGE_STANDARD = "gnu++0x";
				CLANG_CXX_LIBRARY = "libc++";
				CLANG_ENABLE_MODULES = YES;
				CLANG_ENABLE_OBJC_ARC = YES;
				CLANG_WARN_BOOL_CONVERSION = YES;
				CLANG_WARN_CONSTANT_CONVERSION = YES;
				CLANG_WARN_DIRECT_OBJC_ISA_USAGE = YES_ERROR;
				CLANG_WARN_EMPTY_BODY = YES;
				CLANG_WARN_ENUM_CONVERSION = YES;
				CLANG_WARN_INT_CONVERSION = YES;
				CLANG_WARN_OBJC_ROOT_CLASS = YES_ERROR;
				CLANG_WARN_UNREACHABLE_CODE = YES;
				CLANG_WARN__DUPLICATE_METHOD_MATCH = YES;
				"CODE_SIGN_IDENTITY[sdk=iphoneos*]" = "iPhone Developer";
				COPY_PHASE_STRIP = NO;
				ENABLE_STRICT_OBJC_MSGSEND = YES;
				GCC_C_LANGUAGE_STANDARD = gnu99;
				GCC_DYNAMIC_NO_PIC = NO;
				GCC_OPTIMIZATION_LEVEL = 0;
				GCC_PREPROCESSOR_DEFINITIONS = (
					"DEBUG=1",
					"$(inherited)",
				);
				GCC_SYMBOLS_PRIVATE_EXTERN = NO;
				GCC_WARN_64_TO_32_BIT_CONVERSION = YES;
				GCC_WARN_ABOUT_RETURN_TYPE = YES_ERROR;
				GCC_WARN_UNDECLARED_SELECTOR = YES;
				GCC_WARN_UNINITIALIZED_AUTOS = YES_AGGRESSIVE;
				GCC_WARN_UNUSED_FUNCTION = YES;
				GCC_WARN_UNUSED_VARIABLE = YES;
				IPHONEOS_DEPLOYMENT_TARGET = 8.0;
				MTL_ENABLE_DEBUG_INFO = YES;
				ONLY_ACTIVE_ARCH = YES;
				SDKROOT = iphoneos;
			};
			name = Debug;
		};
		A18CDF9119EEE91000569710 /* Release */ = {
			isa = XCBuildConfiguration;
			buildSettings = {
				ALWAYS_SEARCH_USER_PATHS = NO;
				CLANG_CXX_LANGUAGE_STANDARD = "gnu++0x";
				CLANG_CXX_LIBRARY = "libc++";
				CLANG_ENABLE_MODULES = YES;
				CLANG_ENABLE_OBJC_ARC = YES;
				CLANG_WARN_BOOL_CONVERSION = YES;
				CLANG_WARN_CONSTANT_CONVERSION = YES;
				CLANG_WARN_DIRECT_OBJC_ISA_USAGE = YES_ERROR;
				CLANG_WARN_EMPTY_BODY = YES;
				CLANG_WARN_ENUM_CONVERSION = YES;
				CLANG_WARN_INT_CONVERSION = YES;
				CLANG_WARN_OBJC_ROOT_CLASS = YES_ERROR;
				CLANG_WARN_UNREACHABLE_CODE = YES;
				CLANG_WARN__DUPLICATE_METHOD_MATCH = YES;
				"CODE_SIGN_IDENTITY[sdk=iphoneos*]" = "iPhone Developer";
				COPY_PHASE_STRIP = YES;
				ENABLE_NS_ASSERTIONS = NO;
				ENABLE_STRICT_OBJC_MSGSEND = YES;
				GCC_C_LANGUAGE_STANDARD = gnu99;
				GCC_WARN_64_TO_32_BIT_CONVERSION = YES;
				GCC_WARN_ABOUT_RETURN_TYPE = YES_ERROR;
				GCC_WARN_UNDECLARED_SELECTOR = YES;
				GCC_WARN_UNINITIALIZED_AUTOS = YES_AGGRESSIVE;
				GCC_WARN_UNUSED_FUNCTION = YES;
				GCC_WARN_UNUSED_VARIABLE = YES;
				IPHONEOS_DEPLOYMENT_TARGET = 8.0;
				MTL_ENABLE_DEBUG_INFO = NO;
				SDKROOT = iphoneos;
				VALIDATE_PRODUCT = YES;
			};
			name = Release;
		};
		A18CDF9319EEE91000569710 /* Debug */ = {
			isa = XCBuildConfiguration;
			buildSettings = {
				ASSETCATALOG_COMPILER_APPICON_NAME = AppIcon;
				INFOPLIST_FILE = "Out of this World/Info.plist";
				LD_RUNPATH_SEARCH_PATHS = "$(inherited) @executable_path/Frameworks";
				PRODUCT_NAME = "$(TARGET_NAME)";
			};
			name = Debug;
		};
		A18CDF9419EEE91000569710 /* Release */ = {
			isa = XCBuildConfiguration;
			buildSettings = {
				ASSETCATALOG_COMPILER_APPICON_NAME = AppIcon;
				INFOPLIST_FILE = "Out of this World/Info.plist";
				LD_RUNPATH_SEARCH_PATHS = "$(inherited) @executable_path/Frameworks";
				PRODUCT_NAME = "$(TARGET_NAME)";
			};
			name = Release;
		};
		A18CDF9619EEE91000569710 /* Debug */ = {
			isa = XCBuildConfiguration;
			buildSettings = {
				BUNDLE_LOADER = "$(TEST_HOST)";
				FRAMEWORK_SEARCH_PATHS = (
					"$(SDKROOT)/Developer/Library/Frameworks",
					"$(inherited)",
				);
				GCC_PREPROCESSOR_DEFINITIONS = (
					"DEBUG=1",
					"$(inherited)",
				);
				INFOPLIST_FILE = "Out of this WorldTests/Info.plist";
				LD_RUNPATH_SEARCH_PATHS = "$(inherited) @executable_path/Frameworks @loader_path/Frameworks";
				PRODUCT_NAME = "$(TARGET_NAME)";
				TEST_HOST = "$(BUILT_PRODUCTS_DIR)/Out of this World.app/Out of this World";
			};
			name = Debug;
		};
		A18CDF9719EEE91000569710 /* Release */ = {
			isa = XCBuildConfiguration;
			buildSettings = {
				BUNDLE_LOADER = "$(TEST_HOST)";
				FRAMEWORK_SEARCH_PATHS = (
					"$(SDKROOT)/Developer/Library/Frameworks",
					"$(inherited)",
				);
				INFOPLIST_FILE = "Out of this WorldTests/Info.plist";
				LD_RUNPATH_SEARCH_PATHS = "$(inherited) @executable_path/Frameworks @loader_path/Frameworks";
				PRODUCT_NAME = "$(TARGET_NAME)";
				TEST_HOST = "$(BUILT_PRODUCTS_DIR)/Out of this World.app/Out of this World";
			};
			name = Release;
		};
/* End XCBuildConfiguration section */

/* Begin XCConfigurationList section */
		A18CDF6A19EEE91000569710 /* Build configuration list for PBXProject "Out of this World" */ = {
			isa = XCConfigurationList;
			buildConfigurations = (
				A18CDF9019EEE91000569710 /* Debug */,
				A18CDF9119EEE91000569710 /* Release */,
			);
			defaultConfigurationIsVisible = 0;
			defaultConfigurationName = Release;
		};
		A18CDF9219EEE91000569710 /* Build configuration list for PBXNativeTarget "Out of this World" */ = {
			isa = XCConfigurationList;
			buildConfigurations = (
				A18CDF9319EEE91000569710 /* Debug */,
				A18CDF9419EEE91000569710 /* Release */,
			);
			defaultConfigurationIsVisible = 0;
			defaultConfigurationName = Release;
		};
		A18CDF9519EEE91000569710 /* Build configuration list for PBXNativeTarget "Out of this WorldTests" */ = {
			isa = XCConfigurationList;
			buildConfigurations = (
				A18CDF9619EEE91000569710 /* Debug */,
				A18CDF9719EEE91000569710 /* Release */,
			);
			defaultConfigurationIsVisible = 0;
			defaultConfigurationName = Release;
		};
/* End XCConfigurationList section */
	};
	rootObject = A18CDF6719EEE91000569710 /* Project object */;
}
