// !$*UTF8*$!
{
	archiveVersion = 1;
	classes = {
	};
	objectVersion = 46;
	objects = {

/* Begin PBXBuildFile section */
		6D5BBF1818F4DFF100CC49A8 /* Foundation.framework in Frameworks */ = {isa = PBXBuildFile; fileRef = 6D5BBF1718F4DFF100CC49A8 /* Foundation.framework */; };
		6D5BBF1A18F4DFF100CC49A8 /* CoreGraphics.framework in Frameworks */ = {isa = PBXBuildFile; fileRef = 6D5BBF1918F4DFF100CC49A8 /* CoreGraphics.framework */; };
		6D5BBF1C18F4DFF100CC49A8 /* UIKit.framework in Frameworks */ = {isa = PBXBuildFile; fileRef = 6D5BBF1B18F4DFF100CC49A8 /* UIKit.framework */; };
		6D5BBF2218F4DFF100CC49A8 /* InfoPlist.strings in Resources */ = {isa = PBXBuildFile; fileRef = 6D5BBF2018F4DFF100CC49A8 /* InfoPlist.strings */; };
		6D5BBF2418F4DFF100CC49A8 /* main.m in Sources */ = {isa = PBXBuildFile; fileRef = 6D5BBF2318F4DFF100CC49A8 /* main.m */; };
		6D5BBF2818F4DFF100CC49A8 /* ctmAppDelegate.m in Sources */ = {isa = PBXBuildFile; fileRef = 6D5BBF2718F4DFF100CC49A8 /* ctmAppDelegate.m */; };
		6D5BBF2B18F4DFF100CC49A8 /* Main.storyboard in Resources */ = {isa = PBXBuildFile; fileRef = 6D5BBF2918F4DFF100CC49A8 /* Main.storyboard */; };
		6D5BBF2E18F4DFF100CC49A8 /* ctmViewController.m in Sources */ = {isa = PBXBuildFile; fileRef = 6D5BBF2D18F4DFF100CC49A8 /* ctmViewController.m */; };
		6D5BBF3018F4DFF100CC49A8 /* Images.xcassets in Resources */ = {isa = PBXBuildFile; fileRef = 6D5BBF2F18F4DFF100CC49A8 /* Images.xcassets */; };
		6D5BBF3718F4DFF100CC49A8 /* XCTest.framework in Frameworks */ = {isa = PBXBuildFile; fileRef = 6D5BBF3618F4DFF100CC49A8 /* XCTest.framework */; };
		6D5BBF3818F4DFF100CC49A8 /* Foundation.framework in Frameworks */ = {isa = PBXBuildFile; fileRef = 6D5BBF1718F4DFF100CC49A8 /* Foundation.framework */; };
		6D5BBF3918F4DFF100CC49A8 /* UIKit.framework in Frameworks */ = {isa = PBXBuildFile; fileRef = 6D5BBF1B18F4DFF100CC49A8 /* UIKit.framework */; };
		6D5BBF4118F4DFF100CC49A8 /* InfoPlist.strings in Resources */ = {isa = PBXBuildFile; fileRef = 6D5BBF3F18F4DFF100CC49A8 /* InfoPlist.strings */; };
		6D5BBF4318F4DFF100CC49A8 /* Pirate_AdventureTests.m in Sources */ = {isa = PBXBuildFile; fileRef = 6D5BBF4218F4DFF100CC49A8 /* Pirate_AdventureTests.m */; };
		6D5BBF4F18F4E80600CC49A8 /* ctmTile.m in Sources */ = {isa = PBXBuildFile; fileRef = 6D5BBF4E18F4E80600CC49A8 /* ctmTile.m */; };
		6D5BBF5218F4E8DE00CC49A8 /* ctmFactory.m in Sources */ = {isa = PBXBuildFile; fileRef = 6D5BBF5118F4E8DE00CC49A8 /* ctmFactory.m */; };
		6D5BBF6118F4FDD700CC49A8 /* PirateTreasure.jpeg in Resources */ = {isa = PBXBuildFile; fileRef = 6D5BBF5518F4FDD700CC49A8 /* PirateTreasure.jpeg */; };
		6D5BBF6218F4FDD700CC49A8 /* PiratePlank.jpg in Resources */ = {isa = PBXBuildFile; fileRef = 6D5BBF5618F4FDD700CC49A8 /* PiratePlank.jpg */; };
		6D5BBF6818F4FDD700CC49A8 /* 2075310775_7b63081fb9_o.jpg in Resources */ = {isa = PBXBuildFile; fileRef = 6D5BBF5C18F4FDD700CC49A8 /* 2075310775_7b63081fb9_o.jpg */; };
		6D5BBF6A18F4FDD700CC49A8 /* battleships-remnants-battle-pirate-ships-war.jpg in Resources */ = {isa = PBXBuildFile; fileRef = 6D5BBF5E18F4FDD700CC49A8 /* battleships-remnants-battle-pirate-ships-war.jpg */; };
		6D5BBF6B18F4FDD700CC49A8 /* original.jpg in Resources */ = {isa = PBXBuildFile; fileRef = 6D5BBF5F18F4FDD700CC49A8 /* original.jpg */; };
		6D5BBF6E18F5037C00CC49A8 /* ctmWeapon.m in Sources */ = {isa = PBXBuildFile; fileRef = 6D5BBF6D18F5037C00CC49A8 /* ctmWeapon.m */; };
		6D5BBF7118F503C300CC49A8 /* ctmArmor.m in Sources */ = {isa = PBXBuildFile; fileRef = 6D5BBF7018F503C300CC49A8 /* ctmArmor.m */; };
		6D5BBF7418F5041E00CC49A8 /* ctmCharacter.m in Sources */ = {isa = PBXBuildFile; fileRef = 6D5BBF7318F5041E00CC49A8 /* ctmCharacter.m */; };
		6D5BBF7718F51E3A00CC49A8 /* ctmBoss.m in Sources */ = {isa = PBXBuildFile; fileRef = 6D5BBF7618F51E3A00CC49A8 /* ctmBoss.m */; };
		A180A8E519E5EE0F00FBFB67 /* StoryImages_0000_Pistol.png in Resources */ = {isa = PBXBuildFile; fileRef = A180A8E419E5EE0F00FBFB67 /* StoryImages_0000_Pistol.png */; };
		A180A8E719E5EE5A00FBFB67 /* StoryImages_0001_Treasure.png in Resources */ = {isa = PBXBuildFile; fileRef = A180A8E619E5EE5A00FBFB67 /* StoryImages_0001_Treasure.png */; };
		A180A8E919E5EF0500FBFB67 /* StoryImages_0003_Plank.png in Resources */ = {isa = PBXBuildFile; fileRef = A180A8E819E5EF0500FBFB67 /* StoryImages_0003_Plank.png */; };
		A180A8EB19E5EF4C00FBFB67 /* StoryImages_0004_Parrot.png in Resources */ = {isa = PBXBuildFile; fileRef = A180A8EA19E5EF4C00FBFB67 /* StoryImages_0004_Parrot.png */; };
		A180A8ED19E5EF7C00FBFB67 /* StoryImages_0005_Kracken.png in Resources */ = {isa = PBXBuildFile; fileRef = A180A8EC19E5EF7C00FBFB67 /* StoryImages_0005_Kracken.png */; };
		A180A8EF19E5EFDA00FBFB67 /* StoryImages_0006_Layer-13.png in Resources */ = {isa = PBXBuildFile; fileRef = A180A8EE19E5EFDA00FBFB67 /* StoryImages_0006_Layer-13.png */; };
		A180A8F119E5F02700FBFB67 /* StoryImages_0007_Blacksmith.png in Resources */ = {isa = PBXBuildFile; fileRef = A180A8F019E5F02700FBFB67 /* StoryImages_0007_Blacksmith.png */; };
		A180A8F319E5F04F00FBFB67 /* StoryImages_0009_Boss.png in Resources */ = {isa = PBXBuildFile; fileRef = A180A8F219E5F04F00FBFB67 /* StoryImages_0009_Boss.png */; };
		A180A8F519E5F0BB00FBFB67 /* StoryImages_0002_Loot.png in Resources */ = {isa = PBXBuildFile; fileRef = A180A8F419E5F0BB00FBFB67 /* StoryImages_0002_Loot.png */; };
		A1FBB33219E59CA70042DD50 /* UIButtonBarRefresh@2x.png in Resources */ = {isa = PBXBuildFile; fileRef = A1FBB33119E59CA70042DD50 /* UIButtonBarRefresh@2x.png */; };
		A1FBB33419E59D4E0042DD50 /* Background.jpg in Resources */ = {isa = PBXBuildFile; fileRef = A1FBB33319E59D4E0042DD50 /* Background.jpg */; };
		A1FBB33619E59D710042DD50 /* topScroll2.png in Resources */ = {isa = PBXBuildFile; fileRef = A1FBB33519E59D710042DD50 /* topScroll2.png */; };
		A1FBB33819E59D7D0042DD50 /* Piratecompass_260.png in Resources */ = {isa = PBXBuildFile; fileRef = A1FBB33719E59D7D0042DD50 /* Piratecompass_260.png */; };
/* End PBXBuildFile section */

/* Begin PBXContainerItemProxy section */
		6D5BBF3A18F4DFF100CC49A8 /* PBXContainerItemProxy */ = {
			isa = PBXContainerItemProxy;
			containerPortal = 6D5BBF0C18F4DFF100CC49A8 /* Project object */;
			proxyType = 1;
			remoteGlobalIDString = 6D5BBF1318F4DFF100CC49A8;
			remoteInfo = "Pirate Adventure";
		};
/* End PBXContainerItemProxy section */

/* Begin PBXFileReference section */
		6D5BBF1418F4DFF100CC49A8 /* Pirate Adventure.app */ = {isa = PBXFileReference; explicitFileType = wrapper.application; includeInIndex = 0; path = "Pirate Adventure.app"; sourceTree = BUILT_PRODUCTS_DIR; };
		6D5BBF1718F4DFF100CC49A8 /* Foundation.framework */ = {isa = PBXFileReference; lastKnownFileType = wrapper.framework; name = Foundation.framework; path = System/Library/Frameworks/Foundation.framework; sourceTree = SDKROOT; };
		6D5BBF1918F4DFF100CC49A8 /* CoreGraphics.framework */ = {isa = PBXFileReference; lastKnownFileType = wrapper.framework; name = CoreGraphics.framework; path = System/Library/Frameworks/CoreGraphics.framework; sourceTree = SDKROOT; };
		6D5BBF1B18F4DFF100CC49A8 /* UIKit.framework */ = {isa = PBXFileReference; lastKnownFileType = wrapper.framework; name = UIKit.framework; path = System/Library/Frameworks/UIKit.framework; sourceTree = SDKROOT; };
		6D5BBF1F18F4DFF100CC49A8 /* Pirate Adventure-Info.plist */ = {isa = PBXFileReference; lastKnownFileType = text.plist.xml; path = "Pirate Adventure-Info.plist"; sourceTree = "<group>"; };
		6D5BBF2118F4DFF100CC49A8 /* en */ = {isa = PBXFileReference; lastKnownFileType = text.plist.strings; name = en; path = en.lproj/InfoPlist.strings; sourceTree = "<group>"; };
		6D5BBF2318F4DFF100CC49A8 /* main.m */ = {isa = PBXFileReference; lastKnownFileType = sourcecode.c.objc; path = main.m; sourceTree = "<group>"; };
		6D5BBF2518F4DFF100CC49A8 /* Pirate Adventure-Prefix.pch */ = {isa = PBXFileReference; lastKnownFileType = sourcecode.c.h; path = "Pirate Adventure-Prefix.pch"; sourceTree = "<group>"; };
		6D5BBF2618F4DFF100CC49A8 /* ctmAppDelegate.h */ = {isa = PBXFileReference; lastKnownFileType = sourcecode.c.h; path = ctmAppDelegate.h; sourceTree = "<group>"; };
		6D5BBF2718F4DFF100CC49A8 /* ctmAppDelegate.m */ = {isa = PBXFileReference; lastKnownFileType = sourcecode.c.objc; path = ctmAppDelegate.m; sourceTree = "<group>"; };
		6D5BBF2A18F4DFF100CC49A8 /* Base */ = {isa = PBXFileReference; lastKnownFileType = file.storyboard; name = Base; path = Base.lproj/Main.storyboard; sourceTree = "<group>"; };
		6D5BBF2C18F4DFF100CC49A8 /* ctmViewController.h */ = {isa = PBXFileReference; lastKnownFileType = sourcecode.c.h; path = ctmViewController.h; sourceTree = "<group>"; };
		6D5BBF2D18F4DFF100CC49A8 /* ctmViewController.m */ = {isa = PBXFileReference; lastKnownFileType = sourcecode.c.objc; path = ctmViewController.m; sourceTree = "<group>"; };
		6D5BBF2F18F4DFF100CC49A8 /* Images.xcassets */ = {isa = PBXFileReference; lastKnownFileType = folder.assetcatalog; path = Images.xcassets; sourceTree = "<group>"; };
		6D5BBF3518F4DFF100CC49A8 /* Pirate AdventureTests.xctest */ = {isa = PBXFileReference; explicitFileType = wrapper.cfbundle; includeInIndex = 0; path = "Pirate AdventureTests.xctest"; sourceTree = BUILT_PRODUCTS_DIR; };
		6D5BBF3618F4DFF100CC49A8 /* XCTest.framework */ = {isa = PBXFileReference; lastKnownFileType = wrapper.framework; name = XCTest.framework; path = Library/Frameworks/XCTest.framework; sourceTree = DEVELOPER_DIR; };
		6D5BBF3E18F4DFF100CC49A8 /* Pirate AdventureTests-Info.plist */ = {isa = PBXFileReference; lastKnownFileType = text.plist.xml; path = "Pirate AdventureTests-Info.plist"; sourceTree = "<group>"; };
		6D5BBF4018F4DFF100CC49A8 /* en */ = {isa = PBXFileReference; lastKnownFileType = text.plist.strings; name = en; path = en.lproj/InfoPlist.strings; sourceTree = "<group>"; };
		6D5BBF4218F4DFF100CC49A8 /* Pirate_AdventureTests.m */ = {isa = PBXFileReference; lastKnownFileType = sourcecode.c.objc; path = Pirate_AdventureTests.m; sourceTree = "<group>"; };
		6D5BBF4D18F4E80600CC49A8 /* ctmTile.h */ = {isa = PBXFileReference; fileEncoding = 4; lastKnownFileType = sourcecode.c.h; path = ctmTile.h; sourceTree = "<group>"; };
		6D5BBF4E18F4E80600CC49A8 /* ctmTile.m */ = {isa = PBXFileReference; fileEncoding = 4; lastKnownFileType = sourcecode.c.objc; path = ctmTile.m; sourceTree = "<group>"; };
		6D5BBF5018F4E8DE00CC49A8 /* ctmFactory.h */ = {isa = PBXFileReference; fileEncoding = 4; lastKnownFileType = sourcecode.c.h; path = ctmFactory.h; sourceTree = "<group>"; };
		6D5BBF5118F4E8DE00CC49A8 /* ctmFactory.m */ = {isa = PBXFileReference; fileEncoding = 4; lastKnownFileType = sourcecode.c.objc; path = ctmFactory.m; sourceTree = "<group>"; };
		6D5BBF5518F4FDD700CC49A8 /* PirateTreasure.jpeg */ = {isa = PBXFileReference; lastKnownFileType = image.jpeg; path = PirateTreasure.jpeg; sourceTree = "<group>"; };
		6D5BBF5618F4FDD700CC49A8 /* PiratePlank.jpg */ = {isa = PBXFileReference; lastKnownFileType = image.jpeg; path = PiratePlank.jpg; sourceTree = "<group>"; };
		6D5BBF5C18F4FDD700CC49A8 /* 2075310775_7b63081fb9_o.jpg */ = {isa = PBXFileReference; lastKnownFileType = image.jpeg; path = 2075310775_7b63081fb9_o.jpg; sourceTree = "<group>"; };
		6D5BBF5E18F4FDD700CC49A8 /* battleships-remnants-battle-pirate-ships-war.jpg */ = {isa = PBXFileReference; lastKnownFileType = image.jpeg; path = "battleships-remnants-battle-pirate-ships-war.jpg"; sourceTree = "<group>"; };
		6D5BBF5F18F4FDD700CC49A8 /* original.jpg */ = {isa = PBXFileReference; lastKnownFileType = image.jpeg; path = original.jpg; sourceTree = "<group>"; };
		6D5BBF6C18F5037C00CC49A8 /* ctmWeapon.h */ = {isa = PBXFileReference; fileEncoding = 4; lastKnownFileType = sourcecode.c.h; path = ctmWeapon.h; sourceTree = "<group>"; };
		6D5BBF6D18F5037C00CC49A8 /* ctmWeapon.m */ = {isa = PBXFileReference; fileEncoding = 4; lastKnownFileType = sourcecode.c.objc; path = ctmWeapon.m; sourceTree = "<group>"; };
		6D5BBF6F18F503C300CC49A8 /* ctmArmor.h */ = {isa = PBXFileReference; fileEncoding = 4; lastKnownFileType = sourcecode.c.h; path = ctmArmor.h; sourceTree = "<group>"; };
		6D5BBF7018F503C300CC49A8 /* ctmArmor.m */ = {isa = PBXFileReference; fileEncoding = 4; lastKnownFileType = sourcecode.c.objc; path = ctmArmor.m; sourceTree = "<group>"; };
		6D5BBF7218F5041E00CC49A8 /* ctmCharacter.h */ = {isa = PBXFileReference; fileEncoding = 4; lastKnownFileType = sourcecode.c.h; path = ctmCharacter.h; sourceTree = "<group>"; };
		6D5BBF7318F5041E00CC49A8 /* ctmCharacter.m */ = {isa = PBXFileReference; fileEncoding = 4; lastKnownFileType = sourcecode.c.objc; path = ctmCharacter.m; sourceTree = "<group>"; };
		6D5BBF7518F51E3A00CC49A8 /* ctmBoss.h */ = {isa = PBXFileReference; fileEncoding = 4; lastKnownFileType = sourcecode.c.h; path = ctmBoss.h; sourceTree = "<group>"; };
		6D5BBF7618F51E3A00CC49A8 /* ctmBoss.m */ = {isa = PBXFileReference; fileEncoding = 4; lastKnownFileType = sourcecode.c.objc; path = ctmBoss.m; sourceTree = "<group>"; };
		A180A8E419E5EE0F00FBFB67 /* StoryImages_0000_Pistol.png */ = {isa = PBXFileReference; lastKnownFileType = image.png; path = StoryImages_0000_Pistol.png; sourceTree = "<group>"; };
		A180A8E619E5EE5A00FBFB67 /* StoryImages_0001_Treasure.png */ = {isa = PBXFileReference; lastKnownFileType = image.png; path = StoryImages_0001_Treasure.png; sourceTree = "<group>"; };
		A180A8E819E5EF0500FBFB67 /* StoryImages_0003_Plank.png */ = {isa = PBXFileReference; lastKnownFileType = image.png; path = StoryImages_0003_Plank.png; sourceTree = "<group>"; };
		A180A8EA19E5EF4C00FBFB67 /* StoryImages_0004_Parrot.png */ = {isa = PBXFileReference; lastKnownFileType = image.png; path = StoryImages_0004_Parrot.png; sourceTree = "<group>"; };
		A180A8EC19E5EF7C00FBFB67 /* StoryImages_0005_Kracken.png */ = {isa = PBXFileReference; lastKnownFileType = image.png; path = StoryImages_0005_Kracken.png; sourceTree = "<group>"; };
		A180A8EE19E5EFDA00FBFB67 /* StoryImages_0006_Layer-13.png */ = {isa = PBXFileReference; lastKnownFileType = image.png; path = "StoryImages_0006_Layer-13.png"; sourceTree = "<group>"; };
		A180A8F019E5F02700FBFB67 /* StoryImages_0007_Blacksmith.png */ = {isa = PBXFileReference; lastKnownFileType = image.png; path = StoryImages_0007_Blacksmith.png; sourceTree = "<group>"; };
		A180A8F219E5F04F00FBFB67 /* StoryImages_0009_Boss.png */ = {isa = PBXFileReference; lastKnownFileType = image.png; path = StoryImages_0009_Boss.png; sourceTree = "<group>"; };
		A180A8F419E5F0BB00FBFB67 /* StoryImages_0002_Loot.png */ = {isa = PBXFileReference; lastKnownFileType = image.png; path = StoryImages_0002_Loot.png; sourceTree = "<group>"; };
		A1FBB33119E59CA70042DD50 /* UIButtonBarRefresh@2x.png */ = {isa = PBXFileReference; lastKnownFileType = image.png; path = "UIButtonBarRefresh@2x.png"; sourceTree = "<group>"; };
		A1FBB33319E59D4E0042DD50 /* Background.jpg */ = {isa = PBXFileReference; lastKnownFileType = image.jpeg; path = Background.jpg; sourceTree = "<group>"; };
		A1FBB33519E59D710042DD50 /* topScroll2.png */ = {isa = PBXFileReference; lastKnownFileType = image.png; path = topScroll2.png; sourceTree = "<group>"; };
		A1FBB33719E59D7D0042DD50 /* Piratecompass_260.png */ = {isa = PBXFileReference; lastKnownFileType = image.png; path = Piratecompass_260.png; sourceTree = "<group>"; };
/* End PBXFileReference section */

/* Begin PBXFrameworksBuildPhase section */
		6D5BBF1118F4DFF100CC49A8 /* Frameworks */ = {
			isa = PBXFrameworksBuildPhase;
			buildActionMask = 2147483647;
			files = (
				6D5BBF1A18F4DFF100CC49A8 /* CoreGraphics.framework in Frameworks */,
				6D5BBF1C18F4DFF100CC49A8 /* UIKit.framework in Frameworks */,
				6D5BBF1818F4DFF100CC49A8 /* Foundation.framework in Frameworks */,
			);
			runOnlyForDeploymentPostprocessing = 0;
		};
		6D5BBF3218F4DFF100CC49A8 /* Frameworks */ = {
			isa = PBXFrameworksBuildPhase;
			buildActionMask = 2147483647;
			files = (
				6D5BBF3718F4DFF100CC49A8 /* XCTest.framework in Frameworks */,
				6D5BBF3918F4DFF100CC49A8 /* UIKit.framework in Frameworks */,
				6D5BBF3818F4DFF100CC49A8 /* Foundation.framework in Frameworks */,
			);
			runOnlyForDeploymentPostprocessing = 0;
		};
/* End PBXFrameworksBuildPhase section */

/* Begin PBXGroup section */
		6D5BBF0B18F4DFF100CC49A8 = {
			isa = PBXGroup;
			children = (
				6D5BBF1D18F4DFF100CC49A8 /* Pirate Adventure */,
				6D5BBF3C18F4DFF100CC49A8 /* Pirate AdventureTests */,
				6D5BBF1618F4DFF100CC49A8 /* Frameworks */,
				6D5BBF1518F4DFF100CC49A8 /* Products */,
			);
			sourceTree = "<group>";
		};
		6D5BBF1518F4DFF100CC49A8 /* Products */ = {
			isa = PBXGroup;
			children = (
				6D5BBF1418F4DFF100CC49A8 /* Pirate Adventure.app */,
				6D5BBF3518F4DFF100CC49A8 /* Pirate AdventureTests.xctest */,
			);
			name = Products;
			sourceTree = "<group>";
		};
		6D5BBF1618F4DFF100CC49A8 /* Frameworks */ = {
			isa = PBXGroup;
			children = (
				6D5BBF1718F4DFF100CC49A8 /* Foundation.framework */,
				6D5BBF1918F4DFF100CC49A8 /* CoreGraphics.framework */,
				6D5BBF1B18F4DFF100CC49A8 /* UIKit.framework */,
				6D5BBF3618F4DFF100CC49A8 /* XCTest.framework */,
			);
			name = Frameworks;
			sourceTree = "<group>";
		};
		6D5BBF1D18F4DFF100CC49A8 /* Pirate Adventure */ = {
			isa = PBXGroup;
			children = (
				6D5BBF2618F4DFF100CC49A8 /* ctmAppDelegate.h */,
				6D5BBF2718F4DFF100CC49A8 /* ctmAppDelegate.m */,
				6D5BBF2918F4DFF100CC49A8 /* Main.storyboard */,
				6D5BBF2C18F4DFF100CC49A8 /* ctmViewController.h */,
				6D5BBF2D18F4DFF100CC49A8 /* ctmViewController.m */,
				6D5BBF4C18F4E7DE00CC49A8 /* Model */,
				6D5BBF2F18F4DFF100CC49A8 /* Images.xcassets */,
				6D5BBF1E18F4DFF100CC49A8 /* Supporting Files */,
			);
			path = "Pirate Adventure";
			sourceTree = "<group>";
		};
		6D5BBF1E18F4DFF100CC49A8 /* Supporting Files */ = {
			isa = PBXGroup;
			children = (
				A1FBB33719E59D7D0042DD50 /* Piratecompass_260.png */,
				A1FBB33519E59D710042DD50 /* topScroll2.png */,
				A1FBB33119E59CA70042DD50 /* UIButtonBarRefresh@2x.png */,
				A1FBB33319E59D4E0042DD50 /* Background.jpg */,
				6D5BBF5318F4FB3A00CC49A8 /* StoryImages */,
				6D5BBF1F18F4DFF100CC49A8 /* Pirate Adventure-Info.plist */,
				6D5BBF2018F4DFF100CC49A8 /* InfoPlist.strings */,
				6D5BBF2318F4DFF100CC49A8 /* main.m */,
				6D5BBF2518F4DFF100CC49A8 /* Pirate Adventure-Prefix.pch */,
			);
			name = "Supporting Files";
			sourceTree = "<group>";
		};
		6D5BBF3C18F4DFF100CC49A8 /* Pirate AdventureTests */ = {
			isa = PBXGroup;
			children = (
				6D5BBF4218F4DFF100CC49A8 /* Pirate_AdventureTests.m */,
				6D5BBF3D18F4DFF100CC49A8 /* Supporting Files */,
			);
			path = "Pirate AdventureTests";
			sourceTree = "<group>";
		};
		6D5BBF3D18F4DFF100CC49A8 /* Supporting Files */ = {
			isa = PBXGroup;
			children = (
				6D5BBF3E18F4DFF100CC49A8 /* Pirate AdventureTests-Info.plist */,
				6D5BBF3F18F4DFF100CC49A8 /* InfoPlist.strings */,
			);
			name = "Supporting Files";
			sourceTree = "<group>";
		};
		6D5BBF4C18F4E7DE00CC49A8 /* Model */ = {
			isa = PBXGroup;
			children = (
				A1500FD719E737750037F8CC /* Factory */,
				6D5BBF4D18F4E80600CC49A8 /* ctmTile.h */,
				6D5BBF4E18F4E80600CC49A8 /* ctmTile.m */,
				6D5BBF6F18F503C300CC49A8 /* ctmArmor.h */,
				6D5BBF7018F503C300CC49A8 /* ctmArmor.m */,
				6D5BBF7218F5041E00CC49A8 /* ctmCharacter.h */,
				6D5BBF7318F5041E00CC49A8 /* ctmCharacter.m */,
				6D5BBF6C18F5037C00CC49A8 /* ctmWeapon.h */,
				6D5BBF6D18F5037C00CC49A8 /* ctmWeapon.m */,
				6D5BBF7518F51E3A00CC49A8 /* ctmBoss.h */,
				6D5BBF7618F51E3A00CC49A8 /* ctmBoss.m */,
			);
			name = Model;
			sourceTree = "<group>";
		};
		6D5BBF5318F4FB3A00CC49A8 /* StoryImages */ = {
			isa = PBXGroup;
			children = (
				A180A8EC19E5EF7C00FBFB67 /* StoryImages_0005_Kracken.png */,
				A180A8F419E5F0BB00FBFB67 /* StoryImages_0002_Loot.png */,
				A180A8EA19E5EF4C00FBFB67 /* StoryImages_0004_Parrot.png */,
				A180A8E419E5EE0F00FBFB67 /* StoryImages_0000_Pistol.png */,
				6D5BBF5518F4FDD700CC49A8 /* PirateTreasure.jpeg */,
				6D5BBF5618F4FDD700CC49A8 /* PiratePlank.jpg */,
				A180A8F019E5F02700FBFB67 /* StoryImages_0007_Blacksmith.png */,
				A180A8E819E5EF0500FBFB67 /* StoryImages_0003_Plank.png */,
				A180A8EE19E5EFDA00FBFB67 /* StoryImages_0006_Layer-13.png */,
				A180A8E619E5EE5A00FBFB67 /* StoryImages_0001_Treasure.png */,
				6D5BBF5C18F4FDD700CC49A8 /* 2075310775_7b63081fb9_o.jpg */,
				A180A8F219E5F04F00FBFB67 /* StoryImages_0009_Boss.png */,
				6D5BBF5E18F4FDD700CC49A8 /* battleships-remnants-battle-pirate-ships-war.jpg */,
				6D5BBF5F18F4FDD700CC49A8 /* original.jpg */,
			);
			name = StoryImages;
			sourceTree = "<group>";
		};
		A1500FD719E737750037F8CC /* Factory */ = {
			isa = PBXGroup;
			children = (
				6D5BBF5018F4E8DE00CC49A8 /* ctmFactory.h */,
				6D5BBF5118F4E8DE00CC49A8 /* ctmFactory.m */,
			);
			name = Factory;
			sourceTree = "<group>";
		};
/* End PBXGroup section */

/* Begin PBXNativeTarget section */
		6D5BBF1318F4DFF100CC49A8 /* Pirate Adventure */ = {
			isa = PBXNativeTarget;
			buildConfigurationList = 6D5BBF4618F4DFF100CC49A8 /* Build configuration list for PBXNativeTarget "Pirate Adventure" */;
			buildPhases = (
				6D5BBF1018F4DFF100CC49A8 /* Sources */,
				6D5BBF1118F4DFF100CC49A8 /* Frameworks */,
				6D5BBF1218F4DFF100CC49A8 /* Resources */,
			);
			buildRules = (
			);
			dependencies = (
			);
			name = "Pirate Adventure";
			productName = "Pirate Adventure";
			productReference = 6D5BBF1418F4DFF100CC49A8 /* Pirate Adventure.app */;
			productType = "com.apple.product-type.application";
		};
		6D5BBF3418F4DFF100CC49A8 /* Pirate AdventureTests */ = {
			isa = PBXNativeTarget;
			buildConfigurationList = 6D5BBF4918F4DFF100CC49A8 /* Build configuration list for PBXNativeTarget "Pirate AdventureTests" */;
			buildPhases = (
				6D5BBF3118F4DFF100CC49A8 /* Sources */,
				6D5BBF3218F4DFF100CC49A8 /* Frameworks */,
				6D5BBF3318F4DFF100CC49A8 /* Resources */,
			);
			buildRules = (
			);
			dependencies = (
				6D5BBF3B18F4DFF100CC49A8 /* PBXTargetDependency */,
			);
			name = "Pirate AdventureTests";
			productName = "Pirate AdventureTests";
			productReference = 6D5BBF3518F4DFF100CC49A8 /* Pirate AdventureTests.xctest */;
			productType = "com.apple.product-type.bundle.unit-test";
		};
/* End PBXNativeTarget section */

/* Begin PBXProject section */
		6D5BBF0C18F4DFF100CC49A8 /* Project object */ = {
			isa = PBXProject;
			attributes = {
				CLASSPREFIX = ctm;
				LastUpgradeCheck = 0510;
				ORGANIZATIONNAME = "Chuck McQuilkin";
				TargetAttributes = {
					6D5BBF3418F4DFF100CC49A8 = {
						TestTargetID = 6D5BBF1318F4DFF100CC49A8;
					};
				};
			};
			buildConfigurationList = 6D5BBF0F18F4DFF100CC49A8 /* Build configuration list for PBXProject "Pirate Adventure" */;
			compatibilityVersion = "Xcode 3.2";
			developmentRegion = English;
			hasScannedForEncodings = 0;
			knownRegions = (
				en,
				Base,
			);
			mainGroup = 6D5BBF0B18F4DFF100CC49A8;
			productRefGroup = 6D5BBF1518F4DFF100CC49A8 /* Products */;
			projectDirPath = "";
			projectRoot = "";
			targets = (
				6D5BBF1318F4DFF100CC49A8 /* Pirate Adventure */,
				6D5BBF3418F4DFF100CC49A8 /* Pirate AdventureTests */,
			);
		};
/* End PBXProject section */

/* Begin PBXResourcesBuildPhase section */
		6D5BBF1218F4DFF100CC49A8 /* Resources */ = {
			isa = PBXResourcesBuildPhase;
			buildActionMask = 2147483647;
			files = (
				A1FBB33419E59D4E0042DD50 /* Background.jpg in Resources */,
				A1FBB33819E59D7D0042DD50 /* Piratecompass_260.png in Resources */,
				A180A8EF19E5EFDA00FBFB67 /* StoryImages_0006_Layer-13.png in Resources */,
				6D5BBF6A18F4FDD700CC49A8 /* battleships-remnants-battle-pirate-ships-war.jpg in Resources */,
				A180A8E919E5EF0500FBFB67 /* StoryImages_0003_Plank.png in Resources */,
				A180A8ED19E5EF7C00FBFB67 /* StoryImages_0005_Kracken.png in Resources */,
				A180A8E719E5EE5A00FBFB67 /* StoryImages_0001_Treasure.png in Resources */,
				A1FBB33219E59CA70042DD50 /* UIButtonBarRefresh@2x.png in Resources */,
				A180A8F119E5F02700FBFB67 /* StoryImages_0007_Blacksmith.png in Resources */,
				A180A8F519E5F0BB00FBFB67 /* StoryImages_0002_Loot.png in Resources */,
				A1FBB33619E59D710042DD50 /* topScroll2.png in Resources */,
				6D5BBF6118F4FDD700CC49A8 /* PirateTreasure.jpeg in Resources */,
				6D5BBF3018F4DFF100CC49A8 /* Images.xcassets in Resources */,
				6D5BBF2218F4DFF100CC49A8 /* InfoPlist.strings in Resources */,
				6D5BBF6B18F4FDD700CC49A8 /* original.jpg in Resources */,
				A180A8E519E5EE0F00FBFB67 /* StoryImages_0000_Pistol.png in Resources */,
				A180A8EB19E5EF4C00FBFB67 /* StoryImages_0004_Parrot.png in Resources */,
				6D5BBF6818F4FDD700CC49A8 /* 2075310775_7b63081fb9_o.jpg in Resources */,
				6D5BBF2B18F4DFF100CC49A8 /* Main.storyboard in Resources */,
				6D5BBF6218F4FDD700CC49A8 /* PiratePlank.jpg in Resources */,
				A180A8F319E5F04F00FBFB67 /* StoryImages_0009_Boss.png in Resources */,
			);
			runOnlyForDeploymentPostprocessing = 0;
		};
		6D5BBF3318F4DFF100CC49A8 /* Resources */ = {
			isa = PBXResourcesBuildPhase;
			buildActionMask = 2147483647;
			files = (
				6D5BBF4118F4DFF100CC49A8 /* InfoPlist.strings in Resources */,
			);
			runOnlyForDeploymentPostprocessing = 0;
		};
/* End PBXResourcesBuildPhase section */

/* Begin PBXSourcesBuildPhase section */
		6D5BBF1018F4DFF100CC49A8 /* Sources */ = {
			isa = PBXSourcesBuildPhase;
			buildActionMask = 2147483647;
			files = (
				6D5BBF7718F51E3A00CC49A8 /* ctmBoss.m in Sources */,
				6D5BBF2E18F4DFF100CC49A8 /* ctmViewController.m in Sources */,
				6D5BBF2418F4DFF100CC49A8 /* main.m in Sources */,
				6D5BBF7418F5041E00CC49A8 /* ctmCharacter.m in Sources */,
				6D5BBF4F18F4E80600CC49A8 /* ctmTile.m in Sources */,
				6D5BBF7118F503C300CC49A8 /* ctmArmor.m in Sources */,
				6D5BBF2818F4DFF100CC49A8 /* ctmAppDelegate.m in Sources */,
				6D5BBF6E18F5037C00CC49A8 /* ctmWeapon.m in Sources */,
				6D5BBF5218F4E8DE00CC49A8 /* ctmFactory.m in Sources */,
			);
			runOnlyForDeploymentPostprocessing = 0;
		};
		6D5BBF3118F4DFF100CC49A8 /* Sources */ = {
			isa = PBXSourcesBuildPhase;
			buildActionMask = 2147483647;
			files = (
				6D5BBF4318F4DFF100CC49A8 /* Pirate_AdventureTests.m in Sources */,
			);
			runOnlyForDeploymentPostprocessing = 0;
		};
/* End PBXSourcesBuildPhase section */

/* Begin PBXTargetDependency section */
		6D5BBF3B18F4DFF100CC49A8 /* PBXTargetDependency */ = {
			isa = PBXTargetDependency;
			target = 6D5BBF1318F4DFF100CC49A8 /* Pirate Adventure */;
			targetProxy = 6D5BBF3A18F4DFF100CC49A8 /* PBXContainerItemProxy */;
		};
/* End PBXTargetDependency section */

/* Begin PBXVariantGroup section */
		6D5BBF2018F4DFF100CC49A8 /* InfoPlist.strings */ = {
			isa = PBXVariantGroup;
			children = (
				6D5BBF2118F4DFF100CC49A8 /* en */,
			);
			name = InfoPlist.strings;
			sourceTree = "<group>";
		};
		6D5BBF2918F4DFF100CC49A8 /* Main.storyboard */ = {
			isa = PBXVariantGroup;
			children = (
				6D5BBF2A18F4DFF100CC49A8 /* Base */,
			);
			name = Main.storyboard;
			sourceTree = "<group>";
		};
		6D5BBF3F18F4DFF100CC49A8 /* InfoPlist.strings */ = {
			isa = PBXVariantGroup;
			children = (
				6D5BBF4018F4DFF100CC49A8 /* en */,
			);
			name = InfoPlist.strings;
			sourceTree = "<group>";
		};
/* End PBXVariantGroup section */

/* Begin XCBuildConfiguration section */
		6D5BBF4418F4DFF100CC49A8 /* Debug */ = {
			isa = XCBuildConfiguration;
			buildSettings = {
				ALWAYS_SEARCH_USER_PATHS = NO;
				CLANG_CXX_LANGUAGE_STANDARD = "gnu++0x";
				CLANG_CXX_LIBRARY = "libc++";
				CLANG_ENABLE_MODULES = YES;
				CLANG_ENABLE_OBJC_ARC = YES;
				CLANG_WARN_BOOL_CONVERSION = YES;
				CLANG_WARN_CONSTANT_CONVERSION = YES;
				CLANG_WARN_DIRECT_OBJC_ISA_USAGE = YES_ERROR;
				CLANG_WARN_EMPTY_BODY = YES;
				CLANG_WARN_ENUM_CONVERSION = YES;
				CLANG_WARN_INT_CONVERSION = YES;
				CLANG_WARN_OBJC_ROOT_CLASS = YES_ERROR;
				CLANG_WARN__DUPLICATE_METHOD_MATCH = YES;
				"CODE_SIGN_IDENTITY[sdk=iphoneos*]" = "iPhone Developer";
				COPY_PHASE_STRIP = NO;
				GCC_C_LANGUAGE_STANDARD = gnu99;
				GCC_DYNAMIC_NO_PIC = NO;
				GCC_OPTIMIZATION_LEVEL = 0;
				GCC_PREPROCESSOR_DEFINITIONS = (
					"DEBUG=1",
					"$(inherited)",
				);
				GCC_SYMBOLS_PRIVATE_EXTERN = NO;
				GCC_WARN_64_TO_32_BIT_CONVERSION = YES;
				GCC_WARN_ABOUT_RETURN_TYPE = YES_ERROR;
				GCC_WARN_UNDECLARED_SELECTOR = YES;
				GCC_WARN_UNINITIALIZED_AUTOS = YES_AGGRESSIVE;
				GCC_WARN_UNUSED_FUNCTION = YES;
				GCC_WARN_UNUSED_VARIABLE = YES;
				IPHONEOS_DEPLOYMENT_TARGET = 7.1;
				ONLY_ACTIVE_ARCH = YES;
				SDKROOT = iphoneos;
			};
			name = Debug;
		};
		6D5BBF4518F4DFF100CC49A8 /* Release */ = {
			isa = XCBuildConfiguration;
			buildSettings = {
				ALWAYS_SEARCH_USER_PATHS = NO;
				CLANG_CXX_LANGUAGE_STANDARD = "gnu++0x";
				CLANG_CXX_LIBRARY = "libc++";
				CLANG_ENABLE_MODULES = YES;
				CLANG_ENABLE_OBJC_ARC = YES;
				CLANG_WARN_BOOL_CONVERSION = YES;
				CLANG_WARN_CONSTANT_CONVERSION = YES;
				CLANG_WARN_DIRECT_OBJC_ISA_USAGE = YES_ERROR;
				CLANG_WARN_EMPTY_BODY = YES;
				CLANG_WARN_ENUM_CONVERSION = YES;
				CLANG_WARN_INT_CONVERSION = YES;
				CLANG_WARN_OBJC_ROOT_CLASS = YES_ERROR;
				CLANG_WARN__DUPLICATE_METHOD_MATCH = YES;
				"CODE_SIGN_IDENTITY[sdk=iphoneos*]" = "iPhone Developer";
				COPY_PHASE_STRIP = YES;
				ENABLE_NS_ASSERTIONS = NO;
				GCC_C_LANGUAGE_STANDARD = gnu99;
				GCC_WARN_64_TO_32_BIT_CONVERSION = YES;
				GCC_WARN_ABOUT_RETURN_TYPE = YES_ERROR;
				GCC_WARN_UNDECLARED_SELECTOR = YES;
				GCC_WARN_UNINITIALIZED_AUTOS = YES_AGGRESSIVE;
				GCC_WARN_UNUSED_FUNCTION = YES;
				GCC_WARN_UNUSED_VARIABLE = YES;
				IPHONEOS_DEPLOYMENT_TARGET = 7.1;
				SDKROOT = iphoneos;
				VALIDATE_PRODUCT = YES;
			};
			name = Release;
		};
		6D5BBF4718F4DFF100CC49A8 /* Debug */ = {
			isa = XCBuildConfiguration;
			buildSettings = {
				ASSETCATALOG_COMPILER_APPICON_NAME = AppIcon;
				ASSETCATALOG_COMPILER_LAUNCHIMAGE_NAME = LaunchImage;
				GCC_PRECOMPILE_PREFIX_HEADER = YES;
				GCC_PREFIX_HEADER = "Pirate Adventure/Pirate Adventure-Prefix.pch";
				INFOPLIST_FILE = "Pirate Adventure/Pirate Adventure-Info.plist";
				PRODUCT_NAME = "$(TARGET_NAME)";
				WRAPPER_EXTENSION = app;
			};
			name = Debug;
		};
		6D5BBF4818F4DFF100CC49A8 /* Release */ = {
			isa = XCBuildConfiguration;
			buildSettings = {
				ASSETCATALOG_COMPILER_APPICON_NAME = AppIcon;
				ASSETCATALOG_COMPILER_LAUNCHIMAGE_NAME = LaunchImage;
				GCC_PRECOMPILE_PREFIX_HEADER = YES;
				GCC_PREFIX_HEADER = "Pirate Adventure/Pirate Adventure-Prefix.pch";
				INFOPLIST_FILE = "Pirate Adventure/Pirate Adventure-Info.plist";
				PRODUCT_NAME = "$(TARGET_NAME)";
				WRAPPER_EXTENSION = app;
			};
			name = Release;
		};
		6D5BBF4A18F4DFF100CC49A8 /* Debug */ = {
			isa = XCBuildConfiguration;
			buildSettings = {
				BUNDLE_LOADER = "$(BUILT_PRODUCTS_DIR)/Pirate Adventure.app/Pirate Adventure";
				FRAMEWORK_SEARCH_PATHS = (
					"$(SDKROOT)/Developer/Library/Frameworks",
					"$(inherited)",
					"$(DEVELOPER_FRAMEWORKS_DIR)",
				);
				GCC_PRECOMPILE_PREFIX_HEADER = YES;
				GCC_PREFIX_HEADER = "Pirate Adventure/Pirate Adventure-Prefix.pch";
				GCC_PREPROCESSOR_DEFINITIONS = (
					"DEBUG=1",
					"$(inherited)",
				);
				INFOPLIST_FILE = "Pirate AdventureTests/Pirate AdventureTests-Info.plist";
				PRODUCT_NAME = "$(TARGET_NAME)";
				TEST_HOST = "$(BUNDLE_LOADER)";
				WRAPPER_EXTENSION = xctest;
			};
			name = Debug;
		};
		6D5BBF4B18F4DFF100CC49A8 /* Release */ = {
			isa = XCBuildConfiguration;
			buildSettings = {
				BUNDLE_LOADER = "$(BUILT_PRODUCTS_DIR)/Pirate Adventure.app/Pirate Adventure";
				FRAMEWORK_SEARCH_PATHS = (
					"$(SDKROOT)/Developer/Library/Frameworks",
					"$(inherited)",
					"$(DEVELOPER_FRAMEWORKS_DIR)",
				);
				GCC_PRECOMPILE_PREFIX_HEADER = YES;
				GCC_PREFIX_HEADER = "Pirate Adventure/Pirate Adventure-Prefix.pch";
				INFOPLIST_FILE = "Pirate AdventureTests/Pirate AdventureTests-Info.plist";
				PRODUCT_NAME = "$(TARGET_NAME)";
				TEST_HOST = "$(BUNDLE_LOADER)";
				WRAPPER_EXTENSION = xctest;
			};
			name = Release;
		};
/* End XCBuildConfiguration section */

/* Begin XCConfigurationList section */
		6D5BBF0F18F4DFF100CC49A8 /* Build configuration list for PBXProject "Pirate Adventure" */ = {
			isa = XCConfigurationList;
			buildConfigurations = (
				6D5BBF4418F4DFF100CC49A8 /* Debug */,
				6D5BBF4518F4DFF100CC49A8 /* Release */,
			);
			defaultConfigurationIsVisible = 0;
			defaultConfigurationName = Release;
		};
		6D5BBF4618F4DFF100CC49A8 /* Build configuration list for PBXNativeTarget "Pirate Adventure" */ = {
			isa = XCConfigurationList;
			buildConfigurations = (
				6D5BBF4718F4DFF100CC49A8 /* Debug */,
				6D5BBF4818F4DFF100CC49A8 /* Release */,
			);
			defaultConfigurationIsVisible = 0;
			defaultConfigurationName = Release;
		};
		6D5BBF4918F4DFF100CC49A8 /* Build configuration list for PBXNativeTarget "Pirate AdventureTests" */ = {
			isa = XCConfigurationList;
			buildConfigurations = (
				6D5BBF4A18F4DFF100CC49A8 /* Debug */,
				6D5BBF4B18F4DFF100CC49A8 /* Release */,
			);
			defaultConfigurationIsVisible = 0;
			defaultConfigurationName = Release;
		};
/* End XCConfigurationList section */
	};
	rootObject = 6D5BBF0C18F4DFF100CC49A8 /* Project object */;
}
