// !$*UTF8*$!
{
	archiveVersion = 1;
	classes = {
	};
	objectVersion = 46;
	objects = {

/* Begin PBXBuildFile section */
		A16D95181A43552E00C6DD96 /* main.m in Sources */ = {isa = PBXBuildFile; fileRef = A16D95171A43552E00C6DD96 /* main.m */; };
		A16D951B1A43552E00C6DD96 /* AppDelegate.m in Sources */ = {isa = PBXBuildFile; fileRef = A16D951A1A43552E00C6DD96 /* AppDelegate.m */; };
		A16D951E1A43552E00C6DD96 /* WorldTraveler.xcdatamodeld in Sources */ = {isa = PBXBuildFile; fileRef = A16D951C1A43552E00C6DD96 /* WorldTraveler.xcdatamodeld */; };
		A16D95211A43552E00C6DD96 /* ViewController.m in Sources */ = {isa = PBXBuildFile; fileRef = A16D95201A43552E00C6DD96 /* ViewController.m */; };
		A16D95241A43552E00C6DD96 /* Main.storyboard in Resources */ = {isa = PBXBuildFile; fileRef = A16D95221A43552E00C6DD96 /* Main.storyboard */; };
		A16D95261A43552E00C6DD96 /* Images.xcassets in Resources */ = {isa = PBXBuildFile; fileRef = A16D95251A43552E00C6DD96 /* Images.xcassets */; };
		A16D95291A43552E00C6DD96 /* LaunchScreen.xib in Resources */ = {isa = PBXBuildFile; fileRef = A16D95271A43552E00C6DD96 /* LaunchScreen.xib */; };
		A16D95351A43552F00C6DD96 /* WorldTravelerTests.m in Sources */ = {isa = PBXBuildFile; fileRef = A16D95341A43552F00C6DD96 /* WorldTravelerTests.m */; };
/* End PBXBuildFile section */

/* Begin PBXContainerItemProxy section */
		A16D952F1A43552F00C6DD96 /* PBXContainerItemProxy */ = {
			isa = PBXContainerItemProxy;
			containerPortal = A16D950A1A43552E00C6DD96 /* Project object */;
			proxyType = 1;
			remoteGlobalIDString = A16D95111A43552E00C6DD96;
			remoteInfo = WorldTraveler;
		};
/* End PBXContainerItemProxy section */

/* Begin PBXFileReference section */
		A16D95121A43552E00C6DD96 /* WorldTraveler.app */ = {isa = PBXFileReference; explicitFileType = wrapper.application; includeInIndex = 0; path = WorldTraveler.app; sourceTree = BUILT_PRODUCTS_DIR; };
		A16D95161A43552E00C6DD96 /* Info.plist */ = {isa = PBXFileReference; lastKnownFileType = text.plist.xml; path = Info.plist; sourceTree = "<group>"; };
		A16D95171A43552E00C6DD96 /* main.m */ = {isa = PBXFileReference; lastKnownFileType = sourcecode.c.objc; path = main.m; sourceTree = "<group>"; };
		A16D95191A43552E00C6DD96 /* AppDelegate.h */ = {isa = PBXFileReference; lastKnownFileType = sourcecode.c.h; path = AppDelegate.h; sourceTree = "<group>"; };
		A16D951A1A43552E00C6DD96 /* AppDelegate.m */ = {isa = PBXFileReference; lastKnownFileType = sourcecode.c.objc; path = AppDelegate.m; sourceTree = "<group>"; };
		A16D951D1A43552E00C6DD96 /* WorldTraveler.xcdatamodel */ = {isa = PBXFileReference; lastKnownFileType = wrapper.xcdatamodel; path = WorldTraveler.xcdatamodel; sourceTree = "<group>"; };
		A16D951F1A43552E00C6DD96 /* ViewController.h */ = {isa = PBXFileReference; lastKnownFileType = sourcecode.c.h; path = ViewController.h; sourceTree = "<group>"; };
		A16D95201A43552E00C6DD96 /* ViewController.m */ = {isa = PBXFileReference; lastKnownFileType = sourcecode.c.objc; path = ViewController.m; sourceTree = "<group>"; };
		A16D95231A43552E00C6DD96 /* Base */ = {isa = PBXFileReference; lastKnownFileType = file.storyboard; name = Base; path = Base.lproj/Main.storyboard; sourceTree = "<group>"; };
		A16D95251A43552E00C6DD96 /* Images.xcassets */ = {isa = PBXFileReference; lastKnownFileType = folder.assetcatalog; path = Images.xcassets; sourceTree = "<group>"; };
		A16D95281A43552E00C6DD96 /* Base */ = {isa = PBXFileReference; lastKnownFileType = file.xib; name = Base; path = Base.lproj/LaunchScreen.xib; sourceTree = "<group>"; };
		A16D952E1A43552F00C6DD96 /* WorldTravelerTests.xctest */ = {isa = PBXFileReference; explicitFileType = wrapper.cfbundle; includeInIndex = 0; path = WorldTravelerTests.xctest; sourceTree = BUILT_PRODUCTS_DIR; };
		A16D95331A43552F00C6DD96 /* Info.plist */ = {isa = PBXFileReference; lastKnownFileType = text.plist.xml; path = Info.plist; sourceTree = "<group>"; };
		A16D95341A43552F00C6DD96 /* WorldTravelerTests.m */ = {isa = PBXFileReference; lastKnownFileType = sourcecode.c.objc; path = WorldTravelerTests.m; sourceTree = "<group>"; };
/* End PBXFileReference section */

/* Begin PBXFrameworksBuildPhase section */
		A16D950F1A43552E00C6DD96 /* Frameworks */ = {
			isa = PBXFrameworksBuildPhase;
			buildActionMask = 2147483647;
			files = (
			);
			runOnlyForDeploymentPostprocessing = 0;
		};
		A16D952B1A43552F00C6DD96 /* Frameworks */ = {
			isa = PBXFrameworksBuildPhase;
			buildActionMask = 2147483647;
			files = (
			);
			runOnlyForDeploymentPostprocessing = 0;
		};
/* End PBXFrameworksBuildPhase section */

/* Begin PBXGroup section */
		A16D95091A43552E00C6DD96 = {
			isa = PBXGroup;
			children = (
				A16D95141A43552E00C6DD96 /* WorldTraveler */,
				A16D95311A43552F00C6DD96 /* WorldTravelerTests */,
				A16D95131A43552E00C6DD96 /* Products */,
			);
			sourceTree = "<group>";
		};
		A16D95131A43552E00C6DD96 /* Products */ = {
			isa = PBXGroup;
			children = (
				A16D95121A43552E00C6DD96 /* WorldTraveler.app */,
				A16D952E1A43552F00C6DD96 /* WorldTravelerTests.xctest */,
			);
			name = Products;
			sourceTree = "<group>";
		};
		A16D95141A43552E00C6DD96 /* WorldTraveler */ = {
			isa = PBXGroup;
			children = (
				A16D95191A43552E00C6DD96 /* AppDelegate.h */,
				A16D951A1A43552E00C6DD96 /* AppDelegate.m */,
				A16D951F1A43552E00C6DD96 /* ViewController.h */,
				A16D95201A43552E00C6DD96 /* ViewController.m */,
				A16D95221A43552E00C6DD96 /* Main.storyboard */,
				A16D95251A43552E00C6DD96 /* Images.xcassets */,
				A16D95271A43552E00C6DD96 /* LaunchScreen.xib */,
				A16D951C1A43552E00C6DD96 /* WorldTraveler.xcdatamodeld */,
				A16D95151A43552E00C6DD96 /* Supporting Files */,
			);
			path = WorldTraveler;
			sourceTree = "<group>";
		};
		A16D95151A43552E00C6DD96 /* Supporting Files */ = {
			isa = PBXGroup;
			children = (
				A16D95161A43552E00C6DD96 /* Info.plist */,
				A16D95171A43552E00C6DD96 /* main.m */,
			);
			name = "Supporting Files";
			sourceTree = "<group>";
		};
		A16D95311A43552F00C6DD96 /* WorldTravelerTests */ = {
			isa = PBXGroup;
			children = (
				A16D95341A43552F00C6DD96 /* WorldTravelerTests.m */,
				A16D95321A43552F00C6DD96 /* Supporting Files */,
			);
			path = WorldTravelerTests;
			sourceTree = "<group>";
		};
		A16D95321A43552F00C6DD96 /* Supporting Files */ = {
			isa = PBXGroup;
			children = (
				A16D95331A43552F00C6DD96 /* Info.plist */,
			);
			name = "Supporting Files";
			sourceTree = "<group>";
		};
/* End PBXGroup section */

/* Begin PBXNativeTarget section */
		A16D95111A43552E00C6DD96 /* WorldTraveler */ = {
			isa = PBXNativeTarget;
			buildConfigurationList = A16D95381A43552F00C6DD96 /* Build configuration list for PBXNativeTarget "WorldTraveler" */;
			buildPhases = (
				A16D950E1A43552E00C6DD96 /* Sources */,
				A16D950F1A43552E00C6DD96 /* Frameworks */,
				A16D95101A43552E00C6DD96 /* Resources */,
			);
			buildRules = (
			);
			dependencies = (
			);
			name = WorldTraveler;
			productName = WorldTraveler;
			productReference = A16D95121A43552E00C6DD96 /* WorldTraveler.app */;
			productType = "com.apple.product-type.application";
		};
		A16D952D1A43552F00C6DD96 /* WorldTravelerTests */ = {
			isa = PBXNativeTarget;
			buildConfigurationList = A16D953B1A43552F00C6DD96 /* Build configuration list for PBXNativeTarget "WorldTravelerTests" */;
			buildPhases = (
				A16D952A1A43552F00C6DD96 /* Sources */,
				A16D952B1A43552F00C6DD96 /* Frameworks */,
				A16D952C1A43552F00C6DD96 /* Resources */,
			);
			buildRules = (
			);
			dependencies = (
				A16D95301A43552F00C6DD96 /* PBXTargetDependency */,
			);
			name = WorldTravelerTests;
			productName = WorldTravelerTests;
			productReference = A16D952E1A43552F00C6DD96 /* WorldTravelerTests.xctest */;
			productType = "com.apple.product-type.bundle.unit-test";
		};
/* End PBXNativeTarget section */

/* Begin PBXProject section */
		A16D950A1A43552E00C6DD96 /* Project object */ = {
			isa = PBXProject;
			attributes = {
				LastUpgradeCheck = 0600;
				ORGANIZATIONNAME = "Charles McQuilkin";
				TargetAttributes = {
					A16D95111A43552E00C6DD96 = {
						CreatedOnToolsVersion = 6.0.1;
					};
					A16D952D1A43552F00C6DD96 = {
						CreatedOnToolsVersion = 6.0.1;
						TestTargetID = A16D95111A43552E00C6DD96;
					};
				};
			};
			buildConfigurationList = A16D950D1A43552E00C6DD96 /* Build configuration list for PBXProject "WorldTraveler" */;
			compatibilityVersion = "Xcode 3.2";
			developmentRegion = English;
			hasScannedForEncodings = 0;
			knownRegions = (
				en,
				Base,
			);
			mainGroup = A16D95091A43552E00C6DD96;
			productRefGroup = A16D95131A43552E00C6DD96 /* Products */;
			projectDirPath = "";
			projectRoot = "";
			targets = (
				A16D95111A43552E00C6DD96 /* WorldTraveler */,
				A16D952D1A43552F00C6DD96 /* WorldTravelerTests */,
			);
		};
/* End PBXProject section */

/* Begin PBXResourcesBuildPhase section */
		A16D95101A43552E00C6DD96 /* Resources */ = {
			isa = PBXResourcesBuildPhase;
			buildActionMask = 2147483647;
			files = (
				A16D95241A43552E00C6DD96 /* Main.storyboard in Resources */,
				A16D95291A43552E00C6DD96 /* LaunchScreen.xib in Resources */,
				A16D95261A43552E00C6DD96 /* Images.xcassets in Resources */,
			);
			runOnlyForDeploymentPostprocessing = 0;
		};
		A16D952C1A43552F00C6DD96 /* Resources */ = {
			isa = PBXResourcesBuildPhase;
			buildActionMask = 2147483647;
			files = (
			);
			runOnlyForDeploymentPostprocessing = 0;
		};
/* End PBXResourcesBuildPhase section */

/* Begin PBXSourcesBuildPhase section */
		A16D950E1A43552E00C6DD96 /* Sources */ = {
			isa = PBXSourcesBuildPhase;
			buildActionMask = 2147483647;
			files = (
				A16D951B1A43552E00C6DD96 /* AppDelegate.m in Sources */,
				A16D951E1A43552E00C6DD96 /* WorldTraveler.xcdatamodeld in Sources */,
				A16D95211A43552E00C6DD96 /* ViewController.m in Sources */,
				A16D95181A43552E00C6DD96 /* main.m in Sources */,
			);
			runOnlyForDeploymentPostprocessing = 0;
		};
		A16D952A1A43552F00C6DD96 /* Sources */ = {
			isa = PBXSourcesBuildPhase;
			buildActionMask = 2147483647;
			files = (
				A16D95351A43552F00C6DD96 /* WorldTravelerTests.m in Sources */,
			);
			runOnlyForDeploymentPostprocessing = 0;
		};
/* End PBXSourcesBuildPhase section */

/* Begin PBXTargetDependency section */
		A16D95301A43552F00C6DD96 /* PBXTargetDependency */ = {
			isa = PBXTargetDependency;
			target = A16D95111A43552E00C6DD96 /* WorldTraveler */;
			targetProxy = A16D952F1A43552F00C6DD96 /* PBXContainerItemProxy */;
		};
/* End PBXTargetDependency section */

/* Begin PBXVariantGroup section */
		A16D95221A43552E00C6DD96 /* Main.storyboard */ = {
			isa = PBXVariantGroup;
			children = (
				A16D95231A43552E00C6DD96 /* Base */,
			);
			name = Main.storyboard;
			sourceTree = "<group>";
		};
		A16D95271A43552E00C6DD96 /* LaunchScreen.xib */ = {
			isa = PBXVariantGroup;
			children = (
				A16D95281A43552E00C6DD96 /* Base */,
			);
			name = LaunchScreen.xib;
			sourceTree = "<group>";
		};
/* End PBXVariantGroup section */

/* Begin XCBuildConfiguration section */
		A16D95361A43552F00C6DD96 /* Debug */ = {
			isa = XCBuildConfiguration;
			buildSettings = {
				ALWAYS_SEARCH_USER_PATHS = NO;
				CLANG_CXX_LANGUAGE_STANDARD = "gnu++0x";
				CLANG_CXX_LIBRARY = "libc++";
				CLANG_ENABLE_MODULES = YES;
				CLANG_ENABLE_OBJC_ARC = YES;
				CLANG_WARN_BOOL_CONVERSION = YES;
				CLANG_WARN_CONSTANT_CONVERSION = YES;
				CLANG_WARN_DIRECT_OBJC_ISA_USAGE = YES_ERROR;
				CLANG_WARN_EMPTY_BODY = YES;
				CLANG_WARN_ENUM_CONVERSION = YES;
				CLANG_WARN_INT_CONVERSION = YES;
				CLANG_WARN_OBJC_ROOT_CLASS = YES_ERROR;
				CLANG_WARN_UNREACHABLE_CODE = YES;
				CLANG_WARN__DUPLICATE_METHOD_MATCH = YES;
				"CODE_SIGN_IDENTITY[sdk=iphoneos*]" = "iPhone Developer";
				COPY_PHASE_STRIP = NO;
				ENABLE_STRICT_OBJC_MSGSEND = YES;
				GCC_C_LANGUAGE_STANDARD = gnu99;
				GCC_DYNAMIC_NO_PIC = NO;
				GCC_OPTIMIZATION_LEVEL = 0;
				GCC_PREPROCESSOR_DEFINITIONS = (
					"DEBUG=1",
					"$(inherited)",
				);
				GCC_SYMBOLS_PRIVATE_EXTERN = NO;
				GCC_WARN_64_TO_32_BIT_CONVERSION = YES;
				GCC_WARN_ABOUT_RETURN_TYPE = YES_ERROR;
				GCC_WARN_UNDECLARED_SELECTOR = YES;
				GCC_WARN_UNINITIALIZED_AUTOS = YES_AGGRESSIVE;
				GCC_WARN_UNUSED_FUNCTION = YES;
				GCC_WARN_UNUSED_VARIABLE = YES;
				IPHONEOS_DEPLOYMENT_TARGET = 8.0;
				MTL_ENABLE_DEBUG_INFO = YES;
				ONLY_ACTIVE_ARCH = YES;
				SDKROOT = iphoneos;
			};
			name = Debug;
		};
		A16D95371A43552F00C6DD96 /* Release */ = {
			isa = XCBuildConfiguration;
			buildSettings = {
				ALWAYS_SEARCH_USER_PATHS = NO;
				CLANG_CXX_LANGUAGE_STANDARD = "gnu++0x";
				CLANG_CXX_LIBRARY = "libc++";
				CLANG_ENABLE_MODULES = YES;
				CLANG_ENABLE_OBJC_ARC = YES;
				CLANG_WARN_BOOL_CONVERSION = YES;
				CLANG_WARN_CONSTANT_CONVERSION = YES;
				CLANG_WARN_DIRECT_OBJC_ISA_USAGE = YES_ERROR;
				CLANG_WARN_EMPTY_BODY = YES;
				CLANG_WARN_ENUM_CONVERSION = YES;
				CLANG_WARN_INT_CONVERSION = YES;
				CLANG_WARN_OBJC_ROOT_CLASS = YES_ERROR;
				CLANG_WARN_UNREACHABLE_CODE = YES;
				CLANG_WARN__DUPLICATE_METHOD_MATCH = YES;
				"CODE_SIGN_IDENTITY[sdk=iphoneos*]" = "iPhone Developer";
				COPY_PHASE_STRIP = YES;
				ENABLE_NS_ASSERTIONS = NO;
				ENABLE_STRICT_OBJC_MSGSEND = YES;
				GCC_C_LANGUAGE_STANDARD = gnu99;
				GCC_WARN_64_TO_32_BIT_CONVERSION = YES;
				GCC_WARN_ABOUT_RETURN_TYPE = YES_ERROR;
				GCC_WARN_UNDECLARED_SELECTOR = YES;
				GCC_WARN_UNINITIALIZED_AUTOS = YES_AGGRESSIVE;
				GCC_WARN_UNUSED_FUNCTION = YES;
				GCC_WARN_UNUSED_VARIABLE = YES;
				IPHONEOS_DEPLOYMENT_TARGET = 8.0;
				MTL_ENABLE_DEBUG_INFO = NO;
				SDKROOT = iphoneos;
				VALIDATE_PRODUCT = YES;
			};
			name = Release;
		};
		A16D95391A43552F00C6DD96 /* Debug */ = {
			isa = XCBuildConfiguration;
			buildSettings = {
				ASSETCATALOG_COMPILER_APPICON_NAME = AppIcon;
				INFOPLIST_FILE = WorldTraveler/Info.plist;
				LD_RUNPATH_SEARCH_PATHS = "$(inherited) @executable_path/Frameworks";
				PRODUCT_NAME = "$(TARGET_NAME)";
			};
			name = Debug;
		};
		A16D953A1A43552F00C6DD96 /* Release */ = {
			isa = XCBuildConfiguration;
			buildSettings = {
				ASSETCATALOG_COMPILER_APPICON_NAME = AppIcon;
				INFOPLIST_FILE = WorldTraveler/Info.plist;
				LD_RUNPATH_SEARCH_PATHS = "$(inherited) @executable_path/Frameworks";
				PRODUCT_NAME = "$(TARGET_NAME)";
			};
			name = Release;
		};
		A16D953C1A43552F00C6DD96 /* Debug */ = {
			isa = XCBuildConfiguration;
			buildSettings = {
				BUNDLE_LOADER = "$(TEST_HOST)";
				FRAMEWORK_SEARCH_PATHS = (
					"$(SDKROOT)/Developer/Library/Frameworks",
					"$(inherited)",
				);
				GCC_PREPROCESSOR_DEFINITIONS = (
					"DEBUG=1",
					"$(inherited)",
				);
				INFOPLIST_FILE = WorldTravelerTests/Info.plist;
				LD_RUNPATH_SEARCH_PATHS = "$(inherited) @executable_path/Frameworks @loader_path/Frameworks";
				PRODUCT_NAME = "$(TARGET_NAME)";
				TEST_HOST = "$(BUILT_PRODUCTS_DIR)/WorldTraveler.app/WorldTraveler";
			};
			name = Debug;
		};
		A16D953D1A43552F00C6DD96 /* Release */ = {
			isa = XCBuildConfiguration;
			buildSettings = {
				BUNDLE_LOADER = "$(TEST_HOST)";
				FRAMEWORK_SEARCH_PATHS = (
					"$(SDKROOT)/Developer/Library/Frameworks",
					"$(inherited)",
				);
				INFOPLIST_FILE = WorldTravelerTests/Info.plist;
				LD_RUNPATH_SEARCH_PATHS = "$(inherited) @executable_path/Frameworks @loader_path/Frameworks";
				PRODUCT_NAME = "$(TARGET_NAME)";
				TEST_HOST = "$(BUILT_PRODUCTS_DIR)/WorldTraveler.app/WorldTraveler";
			};
			name = Release;
		};
/* End XCBuildConfiguration section */

/* Begin XCConfigurationList section */
		A16D950D1A43552E00C6DD96 /* Build configuration list for PBXProject "WorldTraveler" */ = {
			isa = XCConfigurationList;
			buildConfigurations = (
				A16D95361A43552F00C6DD96 /* Debug */,
				A16D95371A43552F00C6DD96 /* Release */,
			);
			defaultConfigurationIsVisible = 0;
			defaultConfigurationName = Release;
		};
		A16D95381A43552F00C6DD96 /* Build configuration list for PBXNativeTarget "WorldTraveler" */ = {
			isa = XCConfigurationList;
			buildConfigurations = (
				A16D95391A43552F00C6DD96 /* Debug */,
				A16D953A1A43552F00C6DD96 /* Release */,
			);
			defaultConfigurationIsVisible = 0;
		};
		A16D953B1A43552F00C6DD96 /* Build configuration list for PBXNativeTarget "WorldTravelerTests" */ = {
			isa = XCConfigurationList;
			buildConfigurations = (
				A16D953C1A43552F00C6DD96 /* Debug */,
				A16D953D1A43552F00C6DD96 /* Release */,
			);
			defaultConfigurationIsVisible = 0;
		};
/* End XCConfigurationList section */

/* Begin XCVersionGroup section */
		A16D951C1A43552E00C6DD96 /* WorldTraveler.xcdatamodeld */ = {
			isa = XCVersionGroup;
			children = (
				A16D951D1A43552E00C6DD96 /* WorldTraveler.xcdatamodel */,
			);
			currentVersion = A16D951D1A43552E00C6DD96 /* WorldTraveler.xcdatamodel */;
			path = WorldTraveler.xcdatamodeld;
			sourceTree = "<group>";
			versionGroupType = wrapper.xcdatamodel;
		};
/* End XCVersionGroup section */
	};
	rootObject = A16D950A1A43552E00C6DD96 /* Project object */;
}
