// !$*UTF8*$!
{
	archiveVersion = 1;
	classes = {
	};
	objectVersion = 46;
	objects = {

/* Begin PBXBuildFile section */
		A16BF07A1A0BCB4E00BC33AB /* main.m in Sources */ = {isa = PBXBuildFile; fileRef = A16BF0791A0BCB4E00BC33AB /* main.m */; };
		A16BF07D1A0BCB4E00BC33AB /* AppDelegate.m in Sources */ = {isa = PBXBuildFile; fileRef = A16BF07C1A0BCB4E00BC33AB /* AppDelegate.m */; };
		A16BF0801A0BCB4E00BC33AB /* ThousandWords.xcdatamodeld in Sources */ = {isa = PBXBuildFile; fileRef = A16BF07E1A0BCB4E00BC33AB /* ThousandWords.xcdatamodeld */; };
		A16BF0831A0BCB4E00BC33AB /* ViewController.m in Sources */ = {isa = PBXBuildFile; fileRef = A16BF0821A0BCB4E00BC33AB /* ViewController.m */; };
		A16BF0881A0BCB4E00BC33AB /* Images.xcassets in Resources */ = {isa = PBXBuildFile; fileRef = A16BF0871A0BCB4E00BC33AB /* Images.xcassets */; };
		A16BF0971A0BCB4E00BC33AB /* ThousandWordsTests.m in Sources */ = {isa = PBXBuildFile; fileRef = A16BF0961A0BCB4E00BC33AB /* ThousandWordsTests.m */; };
		A16BF0A11A0BCD7B00BC33AB /* Storyboard.storyboard in Resources */ = {isa = PBXBuildFile; fileRef = A16BF0A01A0BCD7B00BC33AB /* Storyboard.storyboard */; };
		A16BF0A41A0BCE4800BC33AB /* TWTableViewController.m in Sources */ = {isa = PBXBuildFile; fileRef = A16BF0A31A0BCE4800BC33AB /* TWTableViewController.m */; };
/* End PBXBuildFile section */

/* Begin PBXContainerItemProxy section */
		A16BF0911A0BCB4E00BC33AB /* PBXContainerItemProxy */ = {
			isa = PBXContainerItemProxy;
			containerPortal = A16BF06C1A0BCB4E00BC33AB /* Project object */;
			proxyType = 1;
			remoteGlobalIDString = A16BF0731A0BCB4E00BC33AB;
			remoteInfo = ThousandWords;
		};
/* End PBXContainerItemProxy section */

/* Begin PBXFileReference section */
		A16BF0741A0BCB4E00BC33AB /* ThousandWords.app */ = {isa = PBXFileReference; explicitFileType = wrapper.application; includeInIndex = 0; path = ThousandWords.app; sourceTree = BUILT_PRODUCTS_DIR; };
		A16BF0781A0BCB4E00BC33AB /* Info.plist */ = {isa = PBXFileReference; lastKnownFileType = text.plist.xml; path = Info.plist; sourceTree = "<group>"; };
		A16BF0791A0BCB4E00BC33AB /* main.m */ = {isa = PBXFileReference; lastKnownFileType = sourcecode.c.objc; path = main.m; sourceTree = "<group>"; };
		A16BF07B1A0BCB4E00BC33AB /* AppDelegate.h */ = {isa = PBXFileReference; lastKnownFileType = sourcecode.c.h; path = AppDelegate.h; sourceTree = "<group>"; };
		A16BF07C1A0BCB4E00BC33AB /* AppDelegate.m */ = {isa = PBXFileReference; lastKnownFileType = sourcecode.c.objc; path = AppDelegate.m; sourceTree = "<group>"; };
		A16BF07F1A0BCB4E00BC33AB /* ThousandWords.xcdatamodel */ = {isa = PBXFileReference; lastKnownFileType = wrapper.xcdatamodel; path = ThousandWords.xcdatamodel; sourceTree = "<group>"; };
		A16BF0811A0BCB4E00BC33AB /* ViewController.h */ = {isa = PBXFileReference; lastKnownFileType = sourcecode.c.h; path = ViewController.h; sourceTree = "<group>"; };
		A16BF0821A0BCB4E00BC33AB /* ViewController.m */ = {isa = PBXFileReference; lastKnownFileType = sourcecode.c.objc; path = ViewController.m; sourceTree = "<group>"; };
		A16BF0871A0BCB4E00BC33AB /* Images.xcassets */ = {isa = PBXFileReference; lastKnownFileType = folder.assetcatalog; path = Images.xcassets; sourceTree = "<group>"; };
		A16BF0901A0BCB4E00BC33AB /* ThousandWordsTests.xctest */ = {isa = PBXFileReference; explicitFileType = wrapper.cfbundle; includeInIndex = 0; path = ThousandWordsTests.xctest; sourceTree = BUILT_PRODUCTS_DIR; };
		A16BF0951A0BCB4E00BC33AB /* Info.plist */ = {isa = PBXFileReference; lastKnownFileType = text.plist.xml; path = Info.plist; sourceTree = "<group>"; };
		A16BF0961A0BCB4E00BC33AB /* ThousandWordsTests.m */ = {isa = PBXFileReference; lastKnownFileType = sourcecode.c.objc; path = ThousandWordsTests.m; sourceTree = "<group>"; };
		A16BF0A01A0BCD7B00BC33AB /* Storyboard.storyboard */ = {isa = PBXFileReference; fileEncoding = 4; lastKnownFileType = file.storyboard; path = Storyboard.storyboard; sourceTree = "<group>"; };
		A16BF0A21A0BCE4800BC33AB /* TWTableViewController.h */ = {isa = PBXFileReference; fileEncoding = 4; lastKnownFileType = sourcecode.c.h; path = TWTableViewController.h; sourceTree = "<group>"; };
		A16BF0A31A0BCE4800BC33AB /* TWTableViewController.m */ = {isa = PBXFileReference; fileEncoding = 4; lastKnownFileType = sourcecode.c.objc; path = TWTableViewController.m; sourceTree = "<group>"; };
/* End PBXFileReference section */

/* Begin PBXFrameworksBuildPhase section */
		A16BF0711A0BCB4E00BC33AB /* Frameworks */ = {
			isa = PBXFrameworksBuildPhase;
			buildActionMask = 2147483647;
			files = (
			);
			runOnlyForDeploymentPostprocessing = 0;
		};
		A16BF08D1A0BCB4E00BC33AB /* Frameworks */ = {
			isa = PBXFrameworksBuildPhase;
			buildActionMask = 2147483647;
			files = (
			);
			runOnlyForDeploymentPostprocessing = 0;
		};
/* End PBXFrameworksBuildPhase section */

/* Begin PBXGroup section */
		A16BF06B1A0BCB4E00BC33AB = {
			isa = PBXGroup;
			children = (
				A16BF0761A0BCB4E00BC33AB /* ThousandWords */,
				A16BF0931A0BCB4E00BC33AB /* ThousandWordsTests */,
				A16BF0751A0BCB4E00BC33AB /* Products */,
			);
			sourceTree = "<group>";
		};
		A16BF0751A0BCB4E00BC33AB /* Products */ = {
			isa = PBXGroup;
			children = (
				A16BF0741A0BCB4E00BC33AB /* ThousandWords.app */,
				A16BF0901A0BCB4E00BC33AB /* ThousandWordsTests.xctest */,
			);
			name = Products;
			sourceTree = "<group>";
		};
		A16BF0761A0BCB4E00BC33AB /* ThousandWords */ = {
			isa = PBXGroup;
			children = (
				A16BF07B1A0BCB4E00BC33AB /* AppDelegate.h */,
				A16BF0A01A0BCD7B00BC33AB /* Storyboard.storyboard */,
				A16BF0A21A0BCE4800BC33AB /* TWTableViewController.h */,
				A16BF0A31A0BCE4800BC33AB /* TWTableViewController.m */,
				A16BF0811A0BCB4E00BC33AB /* ViewController.h */,
				A16BF0821A0BCB4E00BC33AB /* ViewController.m */,
				A16BF0871A0BCB4E00BC33AB /* Images.xcassets */,
				A16BF07E1A0BCB4E00BC33AB /* ThousandWords.xcdatamodeld */,
				A16BF0771A0BCB4E00BC33AB /* Supporting Files */,
			);
			path = ThousandWords;
			sourceTree = "<group>";
		};
		A16BF0771A0BCB4E00BC33AB /* Supporting Files */ = {
			isa = PBXGroup;
			children = (
				A16BF07C1A0BCB4E00BC33AB /* AppDelegate.m */,
				A16BF0781A0BCB4E00BC33AB /* Info.plist */,
				A16BF0791A0BCB4E00BC33AB /* main.m */,
			);
			name = "Supporting Files";
			sourceTree = "<group>";
		};
		A16BF0931A0BCB4E00BC33AB /* ThousandWordsTests */ = {
			isa = PBXGroup;
			children = (
				A16BF0961A0BCB4E00BC33AB /* ThousandWordsTests.m */,
				A16BF0941A0BCB4E00BC33AB /* Supporting Files */,
			);
			path = ThousandWordsTests;
			sourceTree = "<group>";
		};
		A16BF0941A0BCB4E00BC33AB /* Supporting Files */ = {
			isa = PBXGroup;
			children = (
				A16BF0951A0BCB4E00BC33AB /* Info.plist */,
			);
			name = "Supporting Files";
			sourceTree = "<group>";
		};
/* End PBXGroup section */

/* Begin PBXNativeTarget section */
		A16BF0731A0BCB4E00BC33AB /* ThousandWords */ = {
			isa = PBXNativeTarget;
			buildConfigurationList = A16BF09A1A0BCB4E00BC33AB /* Build configuration list for PBXNativeTarget "ThousandWords" */;
			buildPhases = (
				A16BF0701A0BCB4E00BC33AB /* Sources */,
				A16BF0711A0BCB4E00BC33AB /* Frameworks */,
				A16BF0721A0BCB4E00BC33AB /* Resources */,
			);
			buildRules = (
			);
			dependencies = (
			);
			name = ThousandWords;
			productName = ThousandWords;
			productReference = A16BF0741A0BCB4E00BC33AB /* ThousandWords.app */;
			productType = "com.apple.product-type.application";
		};
		A16BF08F1A0BCB4E00BC33AB /* ThousandWordsTests */ = {
			isa = PBXNativeTarget;
			buildConfigurationList = A16BF09D1A0BCB4E00BC33AB /* Build configuration list for PBXNativeTarget "ThousandWordsTests" */;
			buildPhases = (
				A16BF08C1A0BCB4E00BC33AB /* Sources */,
				A16BF08D1A0BCB4E00BC33AB /* Frameworks */,
				A16BF08E1A0BCB4E00BC33AB /* Resources */,
			);
			buildRules = (
			);
			dependencies = (
				A16BF0921A0BCB4E00BC33AB /* PBXTargetDependency */,
			);
			name = ThousandWordsTests;
			productName = ThousandWordsTests;
			productReference = A16BF0901A0BCB4E00BC33AB /* ThousandWordsTests.xctest */;
			productType = "com.apple.product-type.bundle.unit-test";
		};
/* End PBXNativeTarget section */

/* Begin PBXProject section */
		A16BF06C1A0BCB4E00BC33AB /* Project object */ = {
			isa = PBXProject;
			attributes = {
				LastUpgradeCheck = 0600;
				ORGANIZATIONNAME = "Charles McQuilkin";
				TargetAttributes = {
					A16BF0731A0BCB4E00BC33AB = {
						CreatedOnToolsVersion = 6.0.1;
					};
					A16BF08F1A0BCB4E00BC33AB = {
						CreatedOnToolsVersion = 6.0.1;
						TestTargetID = A16BF0731A0BCB4E00BC33AB;
					};
				};
			};
			buildConfigurationList = A16BF06F1A0BCB4E00BC33AB /* Build configuration list for PBXProject "ThousandWords" */;
			compatibilityVersion = "Xcode 3.2";
			developmentRegion = English;
			hasScannedForEncodings = 0;
			knownRegions = (
				en,
				Base,
			);
			mainGroup = A16BF06B1A0BCB4E00BC33AB;
			productRefGroup = A16BF0751A0BCB4E00BC33AB /* Products */;
			projectDirPath = "";
			projectRoot = "";
			targets = (
				A16BF0731A0BCB4E00BC33AB /* ThousandWords */,
				A16BF08F1A0BCB4E00BC33AB /* ThousandWordsTests */,
			);
		};
/* End PBXProject section */

/* Begin PBXResourcesBuildPhase section */
		A16BF0721A0BCB4E00BC33AB /* Resources */ = {
			isa = PBXResourcesBuildPhase;
			buildActionMask = 2147483647;
			files = (
				A16BF0881A0BCB4E00BC33AB /* Images.xcassets in Resources */,
				A16BF0A11A0BCD7B00BC33AB /* Storyboard.storyboard in Resources */,
			);
			runOnlyForDeploymentPostprocessing = 0;
		};
		A16BF08E1A0BCB4E00BC33AB /* Resources */ = {
			isa = PBXResourcesBuildPhase;
			buildActionMask = 2147483647;
			files = (
			);
			runOnlyForDeploymentPostprocessing = 0;
		};
/* End PBXResourcesBuildPhase section */

/* Begin PBXSourcesBuildPhase section */
		A16BF0701A0BCB4E00BC33AB /* Sources */ = {
			isa = PBXSourcesBuildPhase;
			buildActionMask = 2147483647;
			files = (
				A16BF0801A0BCB4E00BC33AB /* ThousandWords.xcdatamodeld in Sources */,
				A16BF0A41A0BCE4800BC33AB /* TWTableViewController.m in Sources */,
				A16BF07D1A0BCB4E00BC33AB /* AppDelegate.m in Sources */,
				A16BF0831A0BCB4E00BC33AB /* ViewController.m in Sources */,
				A16BF07A1A0BCB4E00BC33AB /* main.m in Sources */,
			);
			runOnlyForDeploymentPostprocessing = 0;
		};
		A16BF08C1A0BCB4E00BC33AB /* Sources */ = {
			isa = PBXSourcesBuildPhase;
			buildActionMask = 2147483647;
			files = (
				A16BF0971A0BCB4E00BC33AB /* ThousandWordsTests.m in Sources */,
			);
			runOnlyForDeploymentPostprocessing = 0;
		};
/* End PBXSourcesBuildPhase section */

/* Begin PBXTargetDependency section */
		A16BF0921A0BCB4E00BC33AB /* PBXTargetDependency */ = {
			isa = PBXTargetDependency;
			target = A16BF0731A0BCB4E00BC33AB /* ThousandWords */;
			targetProxy = A16BF0911A0BCB4E00BC33AB /* PBXContainerItemProxy */;
		};
/* End PBXTargetDependency section */

/* Begin XCBuildConfiguration section */
		A16BF0981A0BCB4E00BC33AB /* Debug */ = {
			isa = XCBuildConfiguration;
			buildSettings = {
				ALWAYS_SEARCH_USER_PATHS = NO;
				CLANG_CXX_LANGUAGE_STANDARD = "gnu++0x";
				CLANG_CXX_LIBRARY = "libc++";
				CLANG_ENABLE_MODULES = YES;
				CLANG_ENABLE_OBJC_ARC = YES;
				CLANG_WARN_BOOL_CONVERSION = YES;
				CLANG_WARN_CONSTANT_CONVERSION = YES;
				CLANG_WARN_DIRECT_OBJC_ISA_USAGE = YES_ERROR;
				CLANG_WARN_EMPTY_BODY = YES;
				CLANG_WARN_ENUM_CONVERSION = YES;
				CLANG_WARN_INT_CONVERSION = YES;
				CLANG_WARN_OBJC_ROOT_CLASS = YES_ERROR;
				CLANG_WARN_UNREACHABLE_CODE = YES;
				CLANG_WARN__DUPLICATE_METHOD_MATCH = YES;
				"CODE_SIGN_IDENTITY[sdk=iphoneos*]" = "iPhone Developer";
				COPY_PHASE_STRIP = NO;
				ENABLE_STRICT_OBJC_MSGSEND = YES;
				GCC_C_LANGUAGE_STANDARD = gnu99;
				GCC_DYNAMIC_NO_PIC = NO;
				GCC_OPTIMIZATION_LEVEL = 0;
				GCC_PREPROCESSOR_DEFINITIONS = (
					"DEBUG=1",
					"$(inherited)",
				);
				GCC_SYMBOLS_PRIVATE_EXTERN = NO;
				GCC_WARN_64_TO_32_BIT_CONVERSION = YES;
				GCC_WARN_ABOUT_RETURN_TYPE = YES_ERROR;
				GCC_WARN_UNDECLARED_SELECTOR = YES;
				GCC_WARN_UNINITIALIZED_AUTOS = YES_AGGRESSIVE;
				GCC_WARN_UNUSED_FUNCTION = YES;
				GCC_WARN_UNUSED_VARIABLE = YES;
				IPHONEOS_DEPLOYMENT_TARGET = 8.0;
				MTL_ENABLE_DEBUG_INFO = YES;
				ONLY_ACTIVE_ARCH = YES;
				SDKROOT = iphoneos;
			};
			name = Debug;
		};
		A16BF0991A0BCB4E00BC33AB /* Release */ = {
			isa = XCBuildConfiguration;
			buildSettings = {
				ALWAYS_SEARCH_USER_PATHS = NO;
				CLANG_CXX_LANGUAGE_STANDARD = "gnu++0x";
				CLANG_CXX_LIBRARY = "libc++";
				CLANG_ENABLE_MODULES = YES;
				CLANG_ENABLE_OBJC_ARC = YES;
				CLANG_WARN_BOOL_CONVERSION = YES;
				CLANG_WARN_CONSTANT_CONVERSION = YES;
				CLANG_WARN_DIRECT_OBJC_ISA_USAGE = YES_ERROR;
				CLANG_WARN_EMPTY_BODY = YES;
				CLANG_WARN_ENUM_CONVERSION = YES;
				CLANG_WARN_INT_CONVERSION = YES;
				CLANG_WARN_OBJC_ROOT_CLASS = YES_ERROR;
				CLANG_WARN_UNREACHABLE_CODE = YES;
				CLANG_WARN__DUPLICATE_METHOD_MATCH = YES;
				"CODE_SIGN_IDENTITY[sdk=iphoneos*]" = "iPhone Developer";
				COPY_PHASE_STRIP = YES;
				ENABLE_NS_ASSERTIONS = NO;
				ENABLE_STRICT_OBJC_MSGSEND = YES;
				GCC_C_LANGUAGE_STANDARD = gnu99;
				GCC_WARN_64_TO_32_BIT_CONVERSION = YES;
				GCC_WARN_ABOUT_RETURN_TYPE = YES_ERROR;
				GCC_WARN_UNDECLARED_SELECTOR = YES;
				GCC_WARN_UNINITIALIZED_AUTOS = YES_AGGRESSIVE;
				GCC_WARN_UNUSED_FUNCTION = YES;
				GCC_WARN_UNUSED_VARIABLE = YES;
				IPHONEOS_DEPLOYMENT_TARGET = 8.0;
				MTL_ENABLE_DEBUG_INFO = NO;
				SDKROOT = iphoneos;
				VALIDATE_PRODUCT = YES;
			};
			name = Release;
		};
		A16BF09B1A0BCB4E00BC33AB /* Debug */ = {
			isa = XCBuildConfiguration;
			buildSettings = {
				ASSETCATALOG_COMPILER_APPICON_NAME = AppIcon;
				INFOPLIST_FILE = ThousandWords/Info.plist;
				IPHONEOS_DEPLOYMENT_TARGET = 7.0;
				LD_RUNPATH_SEARCH_PATHS = "$(inherited) @executable_path/Frameworks";
				PRODUCT_NAME = "$(TARGET_NAME)";
			};
			name = Debug;
		};
		A16BF09C1A0BCB4E00BC33AB /* Release */ = {
			isa = XCBuildConfiguration;
			buildSettings = {
				ASSETCATALOG_COMPILER_APPICON_NAME = AppIcon;
				INFOPLIST_FILE = ThousandWords/Info.plist;
				IPHONEOS_DEPLOYMENT_TARGET = 7.0;
				LD_RUNPATH_SEARCH_PATHS = "$(inherited) @executable_path/Frameworks";
				PRODUCT_NAME = "$(TARGET_NAME)";
			};
			name = Release;
		};
		A16BF09E1A0BCB4E00BC33AB /* Debug */ = {
			isa = XCBuildConfiguration;
			buildSettings = {
				BUNDLE_LOADER = "$(TEST_HOST)";
				FRAMEWORK_SEARCH_PATHS = (
					"$(SDKROOT)/Developer/Library/Frameworks",
					"$(inherited)",
				);
				GCC_PREPROCESSOR_DEFINITIONS = (
					"DEBUG=1",
					"$(inherited)",
				);
				INFOPLIST_FILE = ThousandWordsTests/Info.plist;
				LD_RUNPATH_SEARCH_PATHS = "$(inherited) @executable_path/Frameworks @loader_path/Frameworks";
				PRODUCT_NAME = "$(TARGET_NAME)";
				TEST_HOST = "$(BUILT_PRODUCTS_DIR)/ThousandWords.app/ThousandWords";
			};
			name = Debug;
		};
		A16BF09F1A0BCB4E00BC33AB /* Release */ = {
			isa = XCBuildConfiguration;
			buildSettings = {
				BUNDLE_LOADER = "$(TEST_HOST)";
				FRAMEWORK_SEARCH_PATHS = (
					"$(SDKROOT)/Developer/Library/Frameworks",
					"$(inherited)",
				);
				INFOPLIST_FILE = ThousandWordsTests/Info.plist;
				LD_RUNPATH_SEARCH_PATHS = "$(inherited) @executable_path/Frameworks @loader_path/Frameworks";
				PRODUCT_NAME = "$(TARGET_NAME)";
				TEST_HOST = "$(BUILT_PRODUCTS_DIR)/ThousandWords.app/ThousandWords";
			};
			name = Release;
		};
/* End XCBuildConfiguration section */

/* Begin XCConfigurationList section */
		A16BF06F1A0BCB4E00BC33AB /* Build configuration list for PBXProject "ThousandWords" */ = {
			isa = XCConfigurationList;
			buildConfigurations = (
				A16BF0981A0BCB4E00BC33AB /* Debug */,
				A16BF0991A0BCB4E00BC33AB /* Release */,
			);
			defaultConfigurationIsVisible = 0;
			defaultConfigurationName = Release;
		};
		A16BF09A1A0BCB4E00BC33AB /* Build configuration list for PBXNativeTarget "ThousandWords" */ = {
			isa = XCConfigurationList;
			buildConfigurations = (
				A16BF09B1A0BCB4E00BC33AB /* Debug */,
				A16BF09C1A0BCB4E00BC33AB /* Release */,
			);
			defaultConfigurationIsVisible = 0;
		};
		A16BF09D1A0BCB4E00BC33AB /* Build configuration list for PBXNativeTarget "ThousandWordsTests" */ = {
			isa = XCConfigurationList;
			buildConfigurations = (
				A16BF09E1A0BCB4E00BC33AB /* Debug */,
				A16BF09F1A0BCB4E00BC33AB /* Release */,
			);
			defaultConfigurationIsVisible = 0;
		};
/* End XCConfigurationList section */

/* Begin XCVersionGroup section */
		A16BF07E1A0BCB4E00BC33AB /* ThousandWords.xcdatamodeld */ = {
			isa = XCVersionGroup;
			children = (
				A16BF07F1A0BCB4E00BC33AB /* ThousandWords.xcdatamodel */,
			);
			currentVersion = A16BF07F1A0BCB4E00BC33AB /* ThousandWords.xcdatamodel */;
			path = ThousandWords.xcdatamodeld;
			sourceTree = "<group>";
			versionGroupType = wrapper.xcdatamodel;
		};
/* End XCVersionGroup section */
	};
	rootObject = A16BF06C1A0BCB4E00BC33AB /* Project object */;
}
