// !$*UTF8*$!
{
	archiveVersion = 1;
	classes = {
	};
	objectVersion = 46;
	objects = {

/* Begin PBXBuildFile section */
		A1139D681A2E5974007D36A9 /* main.m in Sources */ = {isa = PBXBuildFile; fileRef = A1139D671A2E5974007D36A9 /* main.m */; };
		A1139D6B1A2E5974007D36A9 /* AppDelegate.m in Sources */ = {isa = PBXBuildFile; fileRef = A1139D6A1A2E5974007D36A9 /* AppDelegate.m */; };
		A1139D6E1A2E5974007D36A9 /* FirstViewController.m in Sources */ = {isa = PBXBuildFile; fileRef = A1139D6D1A2E5974007D36A9 /* FirstViewController.m */; };
		A1139D711A2E5974007D36A9 /* SecondViewController.m in Sources */ = {isa = PBXBuildFile; fileRef = A1139D701A2E5974007D36A9 /* SecondViewController.m */; };
		A1139D741A2E5974007D36A9 /* Main.storyboard in Resources */ = {isa = PBXBuildFile; fileRef = A1139D721A2E5974007D36A9 /* Main.storyboard */; };
		A1139D761A2E5974007D36A9 /* Images.xcassets in Resources */ = {isa = PBXBuildFile; fileRef = A1139D751A2E5974007D36A9 /* Images.xcassets */; };
		A1139D791A2E5974007D36A9 /* LaunchScreen.xib in Resources */ = {isa = PBXBuildFile; fileRef = A1139D771A2E5974007D36A9 /* LaunchScreen.xib */; };
		A1139D851A2E5974007D36A9 /* MatchedUp2Tests.m in Sources */ = {isa = PBXBuildFile; fileRef = A1139D841A2E5974007D36A9 /* MatchedUp2Tests.m */; };
/* End PBXBuildFile section */

/* Begin PBXContainerItemProxy section */
		A1139D7F1A2E5974007D36A9 /* PBXContainerItemProxy */ = {
			isa = PBXContainerItemProxy;
			containerPortal = A1139D5A1A2E5974007D36A9 /* Project object */;
			proxyType = 1;
			remoteGlobalIDString = A1139D611A2E5974007D36A9;
			remoteInfo = MatchedUp2;
		};
/* End PBXContainerItemProxy section */

/* Begin PBXFileReference section */
		A1139D621A2E5974007D36A9 /* MatchedUp2.app */ = {isa = PBXFileReference; explicitFileType = wrapper.application; includeInIndex = 0; path = MatchedUp2.app; sourceTree = BUILT_PRODUCTS_DIR; };
		A1139D661A2E5974007D36A9 /* Info.plist */ = {isa = PBXFileReference; lastKnownFileType = text.plist.xml; path = Info.plist; sourceTree = "<group>"; };
		A1139D671A2E5974007D36A9 /* main.m */ = {isa = PBXFileReference; lastKnownFileType = sourcecode.c.objc; path = main.m; sourceTree = "<group>"; };
		A1139D691A2E5974007D36A9 /* AppDelegate.h */ = {isa = PBXFileReference; lastKnownFileType = sourcecode.c.h; path = AppDelegate.h; sourceTree = "<group>"; };
		A1139D6A1A2E5974007D36A9 /* AppDelegate.m */ = {isa = PBXFileReference; lastKnownFileType = sourcecode.c.objc; path = AppDelegate.m; sourceTree = "<group>"; };
		A1139D6C1A2E5974007D36A9 /* FirstViewController.h */ = {isa = PBXFileReference; lastKnownFileType = sourcecode.c.h; path = FirstViewController.h; sourceTree = "<group>"; };
		A1139D6D1A2E5974007D36A9 /* FirstViewController.m */ = {isa = PBXFileReference; lastKnownFileType = sourcecode.c.objc; path = FirstViewController.m; sourceTree = "<group>"; };
		A1139D6F1A2E5974007D36A9 /* SecondViewController.h */ = {isa = PBXFileReference; lastKnownFileType = sourcecode.c.h; path = SecondViewController.h; sourceTree = "<group>"; };
		A1139D701A2E5974007D36A9 /* SecondViewController.m */ = {isa = PBXFileReference; lastKnownFileType = sourcecode.c.objc; path = SecondViewController.m; sourceTree = "<group>"; };
		A1139D731A2E5974007D36A9 /* Base */ = {isa = PBXFileReference; lastKnownFileType = file.storyboard; name = Base; path = Base.lproj/Main.storyboard; sourceTree = "<group>"; };
		A1139D751A2E5974007D36A9 /* Images.xcassets */ = {isa = PBXFileReference; lastKnownFileType = folder.assetcatalog; path = Images.xcassets; sourceTree = "<group>"; };
		A1139D781A2E5974007D36A9 /* Base */ = {isa = PBXFileReference; lastKnownFileType = file.xib; name = Base; path = Base.lproj/LaunchScreen.xib; sourceTree = "<group>"; };
		A1139D7E1A2E5974007D36A9 /* MatchedUp2Tests.xctest */ = {isa = PBXFileReference; explicitFileType = wrapper.cfbundle; includeInIndex = 0; path = MatchedUp2Tests.xctest; sourceTree = BUILT_PRODUCTS_DIR; };
		A1139D831A2E5974007D36A9 /* Info.plist */ = {isa = PBXFileReference; lastKnownFileType = text.plist.xml; path = Info.plist; sourceTree = "<group>"; };
		A1139D841A2E5974007D36A9 /* MatchedUp2Tests.m */ = {isa = PBXFileReference; lastKnownFileType = sourcecode.c.objc; path = MatchedUp2Tests.m; sourceTree = "<group>"; };
/* End PBXFileReference section */

/* Begin PBXFrameworksBuildPhase section */
		A1139D5F1A2E5974007D36A9 /* Frameworks */ = {
			isa = PBXFrameworksBuildPhase;
			buildActionMask = 2147483647;
			files = (
			);
			runOnlyForDeploymentPostprocessing = 0;
		};
		A1139D7B1A2E5974007D36A9 /* Frameworks */ = {
			isa = PBXFrameworksBuildPhase;
			buildActionMask = 2147483647;
			files = (
			);
			runOnlyForDeploymentPostprocessing = 0;
		};
/* End PBXFrameworksBuildPhase section */

/* Begin PBXGroup section */
		A1139D591A2E5974007D36A9 = {
			isa = PBXGroup;
			children = (
				A1139D641A2E5974007D36A9 /* MatchedUp2 */,
				A1139D811A2E5974007D36A9 /* MatchedUp2Tests */,
				A1139D631A2E5974007D36A9 /* Products */,
			);
			sourceTree = "<group>";
		};
		A1139D631A2E5974007D36A9 /* Products */ = {
			isa = PBXGroup;
			children = (
				A1139D621A2E5974007D36A9 /* MatchedUp2.app */,
				A1139D7E1A2E5974007D36A9 /* MatchedUp2Tests.xctest */,
			);
			name = Products;
			sourceTree = "<group>";
		};
		A1139D641A2E5974007D36A9 /* MatchedUp2 */ = {
			isa = PBXGroup;
			children = (
				A1139D691A2E5974007D36A9 /* AppDelegate.h */,
				A1139D6A1A2E5974007D36A9 /* AppDelegate.m */,
				A1139D6C1A2E5974007D36A9 /* FirstViewController.h */,
				A1139D6D1A2E5974007D36A9 /* FirstViewController.m */,
				A1139D6F1A2E5974007D36A9 /* SecondViewController.h */,
				A1139D701A2E5974007D36A9 /* SecondViewController.m */,
				A1139D721A2E5974007D36A9 /* Main.storyboard */,
				A1139D751A2E5974007D36A9 /* Images.xcassets */,
				A1139D771A2E5974007D36A9 /* LaunchScreen.xib */,
				A1139D651A2E5974007D36A9 /* Supporting Files */,
			);
			path = MatchedUp2;
			sourceTree = "<group>";
		};
		A1139D651A2E5974007D36A9 /* Supporting Files */ = {
			isa = PBXGroup;
			children = (
				A1139D661A2E5974007D36A9 /* Info.plist */,
				A1139D671A2E5974007D36A9 /* main.m */,
			);
			name = "Supporting Files";
			sourceTree = "<group>";
		};
		A1139D811A2E5974007D36A9 /* MatchedUp2Tests */ = {
			isa = PBXGroup;
			children = (
				A1139D841A2E5974007D36A9 /* MatchedUp2Tests.m */,
				A1139D821A2E5974007D36A9 /* Supporting Files */,
			);
			path = MatchedUp2Tests;
			sourceTree = "<group>";
		};
		A1139D821A2E5974007D36A9 /* Supporting Files */ = {
			isa = PBXGroup;
			children = (
				A1139D831A2E5974007D36A9 /* Info.plist */,
			);
			name = "Supporting Files";
			sourceTree = "<group>";
		};
/* End PBXGroup section */

/* Begin PBXNativeTarget section */
		A1139D611A2E5974007D36A9 /* MatchedUp2 */ = {
			isa = PBXNativeTarget;
			buildConfigurationList = A1139D881A2E5974007D36A9 /* Build configuration list for PBXNativeTarget "MatchedUp2" */;
			buildPhases = (
				A1139D5E1A2E5974007D36A9 /* Sources */,
				A1139D5F1A2E5974007D36A9 /* Frameworks */,
				A1139D601A2E5974007D36A9 /* Resources */,
			);
			buildRules = (
			);
			dependencies = (
			);
			name = MatchedUp2;
			productName = MatchedUp2;
			productReference = A1139D621A2E5974007D36A9 /* MatchedUp2.app */;
			productType = "com.apple.product-type.application";
		};
		A1139D7D1A2E5974007D36A9 /* MatchedUp2Tests */ = {
			isa = PBXNativeTarget;
			buildConfigurationList = A1139D8B1A2E5974007D36A9 /* Build configuration list for PBXNativeTarget "MatchedUp2Tests" */;
			buildPhases = (
				A1139D7A1A2E5974007D36A9 /* Sources */,
				A1139D7B1A2E5974007D36A9 /* Frameworks */,
				A1139D7C1A2E5974007D36A9 /* Resources */,
			);
			buildRules = (
			);
			dependencies = (
				A1139D801A2E5974007D36A9 /* PBXTargetDependency */,
			);
			name = MatchedUp2Tests;
			productName = MatchedUp2Tests;
			productReference = A1139D7E1A2E5974007D36A9 /* MatchedUp2Tests.xctest */;
			productType = "com.apple.product-type.bundle.unit-test";
		};
/* End PBXNativeTarget section */

/* Begin PBXProject section */
		A1139D5A1A2E5974007D36A9 /* Project object */ = {
			isa = PBXProject;
			attributes = {
				LastUpgradeCheck = 0600;
				ORGANIZATIONNAME = "Charles McQuilkin";
				TargetAttributes = {
					A1139D611A2E5974007D36A9 = {
						CreatedOnToolsVersion = 6.0.1;
					};
					A1139D7D1A2E5974007D36A9 = {
						CreatedOnToolsVersion = 6.0.1;
						TestTargetID = A1139D611A2E5974007D36A9;
					};
				};
			};
			buildConfigurationList = A1139D5D1A2E5974007D36A9 /* Build configuration list for PBXProject "MatchedUp2" */;
			compatibilityVersion = "Xcode 3.2";
			developmentRegion = English;
			hasScannedForEncodings = 0;
			knownRegions = (
				en,
				Base,
			);
			mainGroup = A1139D591A2E5974007D36A9;
			productRefGroup = A1139D631A2E5974007D36A9 /* Products */;
			projectDirPath = "";
			projectRoot = "";
			targets = (
				A1139D611A2E5974007D36A9 /* MatchedUp2 */,
				A1139D7D1A2E5974007D36A9 /* MatchedUp2Tests */,
			);
		};
/* End PBXProject section */

/* Begin PBXResourcesBuildPhase section */
		A1139D601A2E5974007D36A9 /* Resources */ = {
			isa = PBXResourcesBuildPhase;
			buildActionMask = 2147483647;
			files = (
				A1139D741A2E5974007D36A9 /* Main.storyboard in Resources */,
				A1139D791A2E5974007D36A9 /* LaunchScreen.xib in Resources */,
				A1139D761A2E5974007D36A9 /* Images.xcassets in Resources */,
			);
			runOnlyForDeploymentPostprocessing = 0;
		};
		A1139D7C1A2E5974007D36A9 /* Resources */ = {
			isa = PBXResourcesBuildPhase;
			buildActionMask = 2147483647;
			files = (
			);
			runOnlyForDeploymentPostprocessing = 0;
		};
/* End PBXResourcesBuildPhase section */

/* Begin PBXSourcesBuildPhase section */
		A1139D5E1A2E5974007D36A9 /* Sources */ = {
			isa = PBXSourcesBuildPhase;
			buildActionMask = 2147483647;
			files = (
				A1139D711A2E5974007D36A9 /* SecondViewController.m in Sources */,
				A1139D6B1A2E5974007D36A9 /* AppDelegate.m in Sources */,
				A1139D6E1A2E5974007D36A9 /* FirstViewController.m in Sources */,
				A1139D681A2E5974007D36A9 /* main.m in Sources */,
			);
			runOnlyForDeploymentPostprocessing = 0;
		};
		A1139D7A1A2E5974007D36A9 /* Sources */ = {
			isa = PBXSourcesBuildPhase;
			buildActionMask = 2147483647;
			files = (
				A1139D851A2E5974007D36A9 /* MatchedUp2Tests.m in Sources */,
			);
			runOnlyForDeploymentPostprocessing = 0;
		};
/* End PBXSourcesBuildPhase section */

/* Begin PBXTargetDependency section */
		A1139D801A2E5974007D36A9 /* PBXTargetDependency */ = {
			isa = PBXTargetDependency;
			target = A1139D611A2E5974007D36A9 /* MatchedUp2 */;
			targetProxy = A1139D7F1A2E5974007D36A9 /* PBXContainerItemProxy */;
		};
/* End PBXTargetDependency section */

/* Begin PBXVariantGroup section */
		A1139D721A2E5974007D36A9 /* Main.storyboard */ = {
			isa = PBXVariantGroup;
			children = (
				A1139D731A2E5974007D36A9 /* Base */,
			);
			name = Main.storyboard;
			sourceTree = "<group>";
		};
		A1139D771A2E5974007D36A9 /* LaunchScreen.xib */ = {
			isa = PBXVariantGroup;
			children = (
				A1139D781A2E5974007D36A9 /* Base */,
			);
			name = LaunchScreen.xib;
			sourceTree = "<group>";
		};
/* End PBXVariantGroup section */

/* Begin XCBuildConfiguration section */
		A1139D861A2E5974007D36A9 /* Debug */ = {
			isa = XCBuildConfiguration;
			buildSettings = {
				ALWAYS_SEARCH_USER_PATHS = NO;
				CLANG_CXX_LANGUAGE_STANDARD = "gnu++0x";
				CLANG_CXX_LIBRARY = "libc++";
				CLANG_ENABLE_MODULES = YES;
				CLANG_ENABLE_OBJC_ARC = YES;
				CLANG_WARN_BOOL_CONVERSION = YES;
				CLANG_WARN_CONSTANT_CONVERSION = YES;
				CLANG_WARN_DIRECT_OBJC_ISA_USAGE = YES_ERROR;
				CLANG_WARN_EMPTY_BODY = YES;
				CLANG_WARN_ENUM_CONVERSION = YES;
				CLANG_WARN_INT_CONVERSION = YES;
				CLANG_WARN_OBJC_ROOT_CLASS = YES_ERROR;
				CLANG_WARN_UNREACHABLE_CODE = YES;
				CLANG_WARN__DUPLICATE_METHOD_MATCH = YES;
				"CODE_SIGN_IDENTITY[sdk=iphoneos*]" = "iPhone Developer";
				COPY_PHASE_STRIP = NO;
				ENABLE_STRICT_OBJC_MSGSEND = YES;
				GCC_C_LANGUAGE_STANDARD = gnu99;
				GCC_DYNAMIC_NO_PIC = NO;
				GCC_OPTIMIZATION_LEVEL = 0;
				GCC_PREPROCESSOR_DEFINITIONS = (
					"DEBUG=1",
					"$(inherited)",
				);
				GCC_SYMBOLS_PRIVATE_EXTERN = NO;
				GCC_WARN_64_TO_32_BIT_CONVERSION = YES;
				GCC_WARN_ABOUT_RETURN_TYPE = YES_ERROR;
				GCC_WARN_UNDECLARED_SELECTOR = YES;
				GCC_WARN_UNINITIALIZED_AUTOS = YES_AGGRESSIVE;
				GCC_WARN_UNUSED_FUNCTION = YES;
				GCC_WARN_UNUSED_VARIABLE = YES;
				IPHONEOS_DEPLOYMENT_TARGET = 8.0;
				MTL_ENABLE_DEBUG_INFO = YES;
				ONLY_ACTIVE_ARCH = YES;
				SDKROOT = iphoneos;
			};
			name = Debug;
		};
		A1139D871A2E5974007D36A9 /* Release */ = {
			isa = XCBuildConfiguration;
			buildSettings = {
				ALWAYS_SEARCH_USER_PATHS = NO;
				CLANG_CXX_LANGUAGE_STANDARD = "gnu++0x";
				CLANG_CXX_LIBRARY = "libc++";
				CLANG_ENABLE_MODULES = YES;
				CLANG_ENABLE_OBJC_ARC = YES;
				CLANG_WARN_BOOL_CONVERSION = YES;
				CLANG_WARN_CONSTANT_CONVERSION = YES;
				CLANG_WARN_DIRECT_OBJC_ISA_USAGE = YES_ERROR;
				CLANG_WARN_EMPTY_BODY = YES;
				CLANG_WARN_ENUM_CONVERSION = YES;
				CLANG_WARN_INT_CONVERSION = YES;
				CLANG_WARN_OBJC_ROOT_CLASS = YES_ERROR;
				CLANG_WARN_UNREACHABLE_CODE = YES;
				CLANG_WARN__DUPLICATE_METHOD_MATCH = YES;
				"CODE_SIGN_IDENTITY[sdk=iphoneos*]" = "iPhone Developer";
				COPY_PHASE_STRIP = YES;
				ENABLE_NS_ASSERTIONS = NO;
				ENABLE_STRICT_OBJC_MSGSEND = YES;
				GCC_C_LANGUAGE_STANDARD = gnu99;
				GCC_WARN_64_TO_32_BIT_CONVERSION = YES;
				GCC_WARN_ABOUT_RETURN_TYPE = YES_ERROR;
				GCC_WARN_UNDECLARED_SELECTOR = YES;
				GCC_WARN_UNINITIALIZED_AUTOS = YES_AGGRESSIVE;
				GCC_WARN_UNUSED_FUNCTION = YES;
				GCC_WARN_UNUSED_VARIABLE = YES;
				IPHONEOS_DEPLOYMENT_TARGET = 8.0;
				MTL_ENABLE_DEBUG_INFO = NO;
				SDKROOT = iphoneos;
				VALIDATE_PRODUCT = YES;
			};
			name = Release;
		};
		A1139D891A2E5974007D36A9 /* Debug */ = {
			isa = XCBuildConfiguration;
			buildSettings = {
				ASSETCATALOG_COMPILER_APPICON_NAME = AppIcon;
				INFOPLIST_FILE = MatchedUp2/Info.plist;
				LD_RUNPATH_SEARCH_PATHS = "$(inherited) @executable_path/Frameworks";
				PRODUCT_NAME = "$(TARGET_NAME)";
			};
			name = Debug;
		};
		A1139D8A1A2E5974007D36A9 /* Release */ = {
			isa = XCBuildConfiguration;
			buildSettings = {
				ASSETCATALOG_COMPILER_APPICON_NAME = AppIcon;
				INFOPLIST_FILE = MatchedUp2/Info.plist;
				LD_RUNPATH_SEARCH_PATHS = "$(inherited) @executable_path/Frameworks";
				PRODUCT_NAME = "$(TARGET_NAME)";
			};
			name = Release;
		};
		A1139D8C1A2E5974007D36A9 /* Debug */ = {
			isa = XCBuildConfiguration;
			buildSettings = {
				BUNDLE_LOADER = "$(TEST_HOST)";
				FRAMEWORK_SEARCH_PATHS = (
					"$(SDKROOT)/Developer/Library/Frameworks",
					"$(inherited)",
				);
				GCC_PREPROCESSOR_DEFINITIONS = (
					"DEBUG=1",
					"$(inherited)",
				);
				INFOPLIST_FILE = MatchedUp2Tests/Info.plist;
				LD_RUNPATH_SEARCH_PATHS = "$(inherited) @executable_path/Frameworks @loader_path/Frameworks";
				PRODUCT_NAME = "$(TARGET_NAME)";
				TEST_HOST = "$(BUILT_PRODUCTS_DIR)/MatchedUp2.app/MatchedUp2";
			};
			name = Debug;
		};
		A1139D8D1A2E5974007D36A9 /* Release */ = {
			isa = XCBuildConfiguration;
			buildSettings = {
				BUNDLE_LOADER = "$(TEST_HOST)";
				FRAMEWORK_SEARCH_PATHS = (
					"$(SDKROOT)/Developer/Library/Frameworks",
					"$(inherited)",
				);
				INFOPLIST_FILE = MatchedUp2Tests/Info.plist;
				LD_RUNPATH_SEARCH_PATHS = "$(inherited) @executable_path/Frameworks @loader_path/Frameworks";
				PRODUCT_NAME = "$(TARGET_NAME)";
				TEST_HOST = "$(BUILT_PRODUCTS_DIR)/MatchedUp2.app/MatchedUp2";
			};
			name = Release;
		};
/* End XCBuildConfiguration section */

/* Begin XCConfigurationList section */
		A1139D5D1A2E5974007D36A9 /* Build configuration list for PBXProject "MatchedUp2" */ = {
			isa = XCConfigurationList;
			buildConfigurations = (
				A1139D861A2E5974007D36A9 /* Debug */,
				A1139D871A2E5974007D36A9 /* Release */,
			);
			defaultConfigurationIsVisible = 0;
			defaultConfigurationName = Release;
		};
		A1139D881A2E5974007D36A9 /* Build configuration list for PBXNativeTarget "MatchedUp2" */ = {
			isa = XCConfigurationList;
			buildConfigurations = (
				A1139D891A2E5974007D36A9 /* Debug */,
				A1139D8A1A2E5974007D36A9 /* Release */,
			);
			defaultConfigurationIsVisible = 0;
		};
		A1139D8B1A2E5974007D36A9 /* Build configuration list for PBXNativeTarget "MatchedUp2Tests" */ = {
			isa = XCConfigurationList;
			buildConfigurations = (
				A1139D8C1A2E5974007D36A9 /* Debug */,
				A1139D8D1A2E5974007D36A9 /* Release */,
			);
			defaultConfigurationIsVisible = 0;
		};
/* End XCConfigurationList section */
	};
	rootObject = A1139D5A1A2E5974007D36A9 /* Project object */;
}
